// !$*UTF8*$!
{
	archiveVersion = 1;
	classes = {
	};
	objectVersion = 55;
	objects = {

/* Begin PBXBuildFile section */
		2F37678628FB23DE000050FE /* ProductCard.swift in Sources */ = {isa = PBXBuildFile; fileRef = 2F37678528FB23DE000050FE /* ProductCard.swift */; };
		2F5F5EAC28F0309F00C56C6D /* (null) in Frameworks */ = {isa = PBXBuildFile; };
		2F5F5EAE28F0309F00C56C6D /* (null) in Frameworks */ = {isa = PBXBuildFile; };
		2F5F5EB028F0309F00C56C6D /* (null) in Frameworks */ = {isa = PBXBuildFile; };
		2F5F5EB228F0309F00C56C6D /* (null) in Frameworks */ = {isa = PBXBuildFile; };
		2F5F5EB428F0309F00C56C6D /* (null) in Frameworks */ = {isa = PBXBuildFile; };
		2F5F5EB628F0309F00C56C6D /* (null) in Frameworks */ = {isa = PBXBuildFile; };
		2F5F5EB828F0309F00C56C6D /* (null) in Frameworks */ = {isa = PBXBuildFile; };
		2F5F5EBA28F0309F00C56C6D /* (null) in Frameworks */ = {isa = PBXBuildFile; };
		2F5F5EBC28F0309F00C56C6D /* (null) in Frameworks */ = {isa = PBXBuildFile; };
		2F5F5EBE28F0309F00C56C6D /* (null) in Frameworks */ = {isa = PBXBuildFile; };
		2F5F5EC028F0309F00C56C6D /* (null) in Frameworks */ = {isa = PBXBuildFile; };
		2F5F5EC228F0309F00C56C6D /* (null) in Frameworks */ = {isa = PBXBuildFile; };
		2F5F5EC428F0309F00C56C6D /* (null) in Frameworks */ = {isa = PBXBuildFile; };
		2F5F5EC628F0309F00C56C6D /* (null) in Frameworks */ = {isa = PBXBuildFile; };
		2F5F5EC828F0309F00C56C6D /* (null) in Frameworks */ = {isa = PBXBuildFile; };
		2F5F5ECA28F0309F00C56C6D /* (null) in Frameworks */ = {isa = PBXBuildFile; };
		2F5F5ECC28F0309F00C56C6D /* (null) in Frameworks */ = {isa = PBXBuildFile; };
		2F5F5ECE28F0309F00C56C6D /* (null) in Frameworks */ = {isa = PBXBuildFile; };
		2F5F5ED028F0309F00C56C6D /* (null) in Frameworks */ = {isa = PBXBuildFile; };
		2F5F5ED228F0309F00C56C6D /* (null) in Frameworks */ = {isa = PBXBuildFile; };
		2F5F5ED428F0309F00C56C6D /* (null) in Frameworks */ = {isa = PBXBuildFile; };
		2F5F5ED628F0309F00C56C6D /* (null) in Frameworks */ = {isa = PBXBuildFile; };
		2F5F5ED828F0309F00C56C6D /* (null) in Frameworks */ = {isa = PBXBuildFile; };
		2F5F5EDA28F0309F00C56C6D /* (null) in Frameworks */ = {isa = PBXBuildFile; };
		2F5F5EDC28F0309F00C56C6D /* (null) in Frameworks */ = {isa = PBXBuildFile; };
		2F5F5EDE28F0309F00C56C6D /* (null) in Frameworks */ = {isa = PBXBuildFile; };
		2F5F5EE028F0309F00C56C6D /* (null) in Frameworks */ = {isa = PBXBuildFile; };
		2F5F5EE328F1BCB500C56C6D /* TabBarItem.swift in Sources */ = {isa = PBXBuildFile; fileRef = 2F5F5EE228F1BCB500C56C6D /* TabBarItem.swift */; };
		2F6257AD2901469E002E9832 /* AddButton.swift in Sources */ = {isa = PBXBuildFile; fileRef = 2F6257AC2901469E002E9832 /* AddButton.swift */; };
		2F6257AF290147FE002E9832 /* SearchBar.swift in Sources */ = {isa = PBXBuildFile; fileRef = 2F6257AE290147FE002E9832 /* SearchBar.swift */; };
		2F76CBE728ED925600ED7F9C /* HomePage.swift in Sources */ = {isa = PBXBuildFile; fileRef = 2F76CBE628ED925600ED7F9C /* HomePage.swift */; };
		2F76CBE928ED94B400ED7F9C /* RoomsView.swift in Sources */ = {isa = PBXBuildFile; fileRef = 2F76CBE828ED94B400ED7F9C /* RoomsView.swift */; };
		2F76CBEB28ED94C500ED7F9C /* MarketPlaceView.swift in Sources */ = {isa = PBXBuildFile; fileRef = 2F76CBEA28ED94C500ED7F9C /* MarketPlaceView.swift */; };
		2F76CBEE28EDA5D600ED7F9C /* AppTabBarView.swift in Sources */ = {isa = PBXBuildFile; fileRef = 2F76CBED28EDA5D600ED7F9C /* AppTabBarView.swift */; };
		2F76CBF028EDB18700ED7F9C /* CustomTabBarView.swift in Sources */ = {isa = PBXBuildFile; fileRef = 2F76CBEF28EDB18700ED7F9C /* CustomTabBarView.swift */; };
		2F76CBF228EDBA2300ED7F9C /* CustomTabBarContainerView.swift in Sources */ = {isa = PBXBuildFile; fileRef = 2F76CBF128EDBA2300ED7F9C /* CustomTabBarContainerView.swift */; };
		2F76CBF428EDD8DB00ED7F9C /* TabBarItemsPreferenceKey.swift in Sources */ = {isa = PBXBuildFile; fileRef = 2F76CBF328EDD8DB00ED7F9C /* TabBarItemsPreferenceKey.swift */; };
		A420A65A2905BBA100193973 /* FirebaseAnalytics in Frameworks */ = {isa = PBXBuildFile; productRef = A420A6592905BBA100193973 /* FirebaseAnalytics */; };
		A420A65C2905BBA100193973 /* FirebaseAnalyticsOnDeviceConversion in Frameworks */ = {isa = PBXBuildFile; productRef = A420A65B2905BBA100193973 /* FirebaseAnalyticsOnDeviceConversion */; };
		A420A65E2905BBA100193973 /* FirebaseAnalyticsSwift in Frameworks */ = {isa = PBXBuildFile; productRef = A420A65D2905BBA100193973 /* FirebaseAnalyticsSwift */; };
		A420A6602905BBA100193973 /* FirebaseAnalyticsWithoutAdIdSupport in Frameworks */ = {isa = PBXBuildFile; productRef = A420A65F2905BBA100193973 /* FirebaseAnalyticsWithoutAdIdSupport */; };
		A420A6622905BBA100193973 /* FirebaseAppCheck in Frameworks */ = {isa = PBXBuildFile; productRef = A420A6612905BBA100193973 /* FirebaseAppCheck */; };
		A420A6642905BBA100193973 /* FirebaseAppDistribution-Beta in Frameworks */ = {isa = PBXBuildFile; productRef = A420A6632905BBA100193973 /* FirebaseAppDistribution-Beta */; };
		A420A6662905BBA100193973 /* FirebaseAuth in Frameworks */ = {isa = PBXBuildFile; productRef = A420A6652905BBA100193973 /* FirebaseAuth */; };
		A420A6682905BBA100193973 /* FirebaseAuthCombine-Community in Frameworks */ = {isa = PBXBuildFile; productRef = A420A6672905BBA100193973 /* FirebaseAuthCombine-Community */; };
		A420A66A2905BBA100193973 /* FirebaseCrashlytics in Frameworks */ = {isa = PBXBuildFile; productRef = A420A6692905BBA100193973 /* FirebaseCrashlytics */; };
		A420A66C2905BBA100193973 /* FirebaseDatabase in Frameworks */ = {isa = PBXBuildFile; productRef = A420A66B2905BBA100193973 /* FirebaseDatabase */; };
		A420A66E2905BBA100193973 /* FirebaseDatabaseSwift in Frameworks */ = {isa = PBXBuildFile; productRef = A420A66D2905BBA100193973 /* FirebaseDatabaseSwift */; };
		A420A6702905BBA100193973 /* FirebaseDynamicLinks in Frameworks */ = {isa = PBXBuildFile; productRef = A420A66F2905BBA100193973 /* FirebaseDynamicLinks */; };
		A420A6722905BBA100193973 /* FirebaseFirestore in Frameworks */ = {isa = PBXBuildFile; productRef = A420A6712905BBA100193973 /* FirebaseFirestore */; };
		A420A6742905BBA100193973 /* FirebaseFirestoreCombine-Community in Frameworks */ = {isa = PBXBuildFile; productRef = A420A6732905BBA100193973 /* FirebaseFirestoreCombine-Community */; };
		A420A6762905BBA100193973 /* FirebaseFirestoreSwift in Frameworks */ = {isa = PBXBuildFile; productRef = A420A6752905BBA100193973 /* FirebaseFirestoreSwift */; };
		A420A6782905BBA100193973 /* FirebaseFunctions in Frameworks */ = {isa = PBXBuildFile; productRef = A420A6772905BBA100193973 /* FirebaseFunctions */; };
		A420A67A2905BBA100193973 /* FirebaseFunctionsCombine-Community in Frameworks */ = {isa = PBXBuildFile; productRef = A420A6792905BBA100193973 /* FirebaseFunctionsCombine-Community */; };
		A420A67C2905BBA100193973 /* FirebaseInAppMessaging-Beta in Frameworks */ = {isa = PBXBuildFile; productRef = A420A67B2905BBA100193973 /* FirebaseInAppMessaging-Beta */; };
		A420A67E2905BBA100193973 /* FirebaseInAppMessagingSwift-Beta in Frameworks */ = {isa = PBXBuildFile; productRef = A420A67D2905BBA100193973 /* FirebaseInAppMessagingSwift-Beta */; };
		A420A6802905BBA100193973 /* FirebaseInstallations in Frameworks */ = {isa = PBXBuildFile; productRef = A420A67F2905BBA100193973 /* FirebaseInstallations */; };
		A420A6822905BBA100193973 /* FirebaseMLModelDownloader in Frameworks */ = {isa = PBXBuildFile; productRef = A420A6812905BBA100193973 /* FirebaseMLModelDownloader */; };
		A420A6842905BBA100193973 /* FirebaseMessaging in Frameworks */ = {isa = PBXBuildFile; productRef = A420A6832905BBA100193973 /* FirebaseMessaging */; };
		A420A6862905BBA100193973 /* FirebasePerformance in Frameworks */ = {isa = PBXBuildFile; productRef = A420A6852905BBA100193973 /* FirebasePerformance */; };
		A420A6882905BBA100193973 /* FirebaseRemoteConfig in Frameworks */ = {isa = PBXBuildFile; productRef = A420A6872905BBA100193973 /* FirebaseRemoteConfig */; };
		A420A68A2905BBA100193973 /* FirebaseRemoteConfigSwift in Frameworks */ = {isa = PBXBuildFile; productRef = A420A6892905BBA100193973 /* FirebaseRemoteConfigSwift */; };
		A420A68C2905BBA100193973 /* FirebaseStorage in Frameworks */ = {isa = PBXBuildFile; productRef = A420A68B2905BBA100193973 /* FirebaseStorage */; };
		A420A68E2905BBA100193973 /* FirebaseStorageCombine-Community in Frameworks */ = {isa = PBXBuildFile; productRef = A420A68D2905BBA100193973 /* FirebaseStorageCombine-Community */; };
		A4305B0829094E0C00E6A41B /* ProductsView.swift in Sources */ = {isa = PBXBuildFile; fileRef = A4305B0729094E0C00E6A41B /* ProductsView.swift */; };
		A461663928E2F5C800F59461 /* LiSIGNApp.swift in Sources */ = {isa = PBXBuildFile; fileRef = A461663828E2F5C800F59461 /* LiSIGNApp.swift */; };
		A461663B28E2F5C800F59461 /* ContentView.swift in Sources */ = {isa = PBXBuildFile; fileRef = A461663A28E2F5C800F59461 /* ContentView.swift */; };
		A461663D28E2F5CA00F59461 /* Assets.xcassets in Resources */ = {isa = PBXBuildFile; fileRef = A461663C28E2F5CA00F59461 /* Assets.xcassets */; };
		A461664028E2F5CA00F59461 /* Preview Assets.xcassets in Resources */ = {isa = PBXBuildFile; fileRef = A461663F28E2F5CA00F59461 /* Preview Assets.xcassets */; };
		A461664A28E2F5CA00F59461 /* LiSIGNTests.swift in Sources */ = {isa = PBXBuildFile; fileRef = A461664928E2F5CA00F59461 /* LiSIGNTests.swift */; };
		A461665428E2F5CA00F59461 /* LiSIGNUITests.swift in Sources */ = {isa = PBXBuildFile; fileRef = A461665328E2F5CA00F59461 /* LiSIGNUITests.swift */; };
		A461665628E2F5CA00F59461 /* LiSIGNUITestsLaunchTests.swift in Sources */ = {isa = PBXBuildFile; fileRef = A461665528E2F5CA00F59461 /* LiSIGNUITestsLaunchTests.swift */; };
		A47FC225292D3AEE008B17EC /* Product.swift in Sources */ = {isa = PBXBuildFile; fileRef = A47FC224292D3AEE008B17EC /* Product.swift */; };
		A4DA5CB72907003500E6CCF7 /* Assets.xcassets in Resources */ = {isa = PBXBuildFile; fileRef = A4DA5CB62907003500E6CCF7 /* Assets.xcassets */; };
		A4DAF698292D3CF900F811D2 /* ProductDetailCard.swift in Sources */ = {isa = PBXBuildFile; fileRef = A4DAF697292D3CF900F811D2 /* ProductDetailCard.swift */; };
		A4DAF69A292D3D1700F811D2 /* AddProductView.swift in Sources */ = {isa = PBXBuildFile; fileRef = A4DAF699292D3D1700F811D2 /* AddProductView.swift */; };
		A4DAF69C292D3D3A00F811D2 /* ProductsViewModel.swift in Sources */ = {isa = PBXBuildFile; fileRef = A4DAF69B292D3D3A00F811D2 /* ProductsViewModel.swift */; };
		A4DAF69E292D514700F811D2 /* ShowUserTesting.swift in Sources */ = {isa = PBXBuildFile; fileRef = A4DAF69D292D514700F811D2 /* ShowUserTesting.swift */; };
		A4DAF6A4292F89F800F811D2 /* ReadProductsViewModel.swift in Sources */ = {isa = PBXBuildFile; fileRef = A4DAF6A3292F89F800F811D2 /* ReadProductsViewModel.swift */; };
		A4DAF6A9292FD8A100F811D2 /* ProductList.swift in Sources */ = {isa = PBXBuildFile; fileRef = A4DAF6A8292FD8A100F811D2 /* ProductList.swift */; };
		A4DAF6AB292FE25600F811D2 /* ProductCard_.swift in Sources */ = {isa = PBXBuildFile; fileRef = A4DAF6AA292FE25600F811D2 /* ProductCard_.swift */; };
		A4DF0FA928F0434400F61A47 /* GoogleService-Info.plist in Resources */ = {isa = PBXBuildFile; fileRef = A4DF0FA828F0434400F61A47 /* GoogleService-Info.plist */; };
		A4F171A328E306A0006BE5B1 /* LoginPageModel.swift in Sources */ = {isa = PBXBuildFile; fileRef = A4F171A228E306A0006BE5B1 /* LoginPageModel.swift */; };
		A4F171A628E306D4006BE5B1 /* Fonts in Resources */ = {isa = PBXBuildFile; fileRef = A4F171A528E306D4006BE5B1 /* Fonts */; };
		A4F171A828E306EE006BE5B1 /* CustomCorners.swift in Sources */ = {isa = PBXBuildFile; fileRef = A4F171A728E306EE006BE5B1 /* CustomCorners.swift */; };
		A4F171AA28E306F6006BE5B1 /* LoginPage.swift in Sources */ = {isa = PBXBuildFile; fileRef = A4F171A928E306F6006BE5B1 /* LoginPage.swift */; };
		A4F171AC28E306FF006BE5B1 /* OnBoardingPage.swift in Sources */ = {isa = PBXBuildFile; fileRef = A4F171AB28E306FF006BE5B1 /* OnBoardingPage.swift */; };
		A4F171AE28E30710006BE5B1 /* bad3.png in Resources */ = {isa = PBXBuildFile; fileRef = A4F171AD28E30710006BE5B1 /* bad3.png */; };
		A4FA0E5D2907F27100DB9F2D /* CardDetailed.swift in Sources */ = {isa = PBXBuildFile; fileRef = A4FA0E5C2907F27100DB9F2D /* CardDetailed.swift */; };
/* End PBXBuildFile section */

/* Begin PBXContainerItemProxy section */
		A461664628E2F5CA00F59461 /* PBXContainerItemProxy */ = {
			isa = PBXContainerItemProxy;
			containerPortal = A461662D28E2F5C800F59461 /* Project object */;
			proxyType = 1;
			remoteGlobalIDString = A461663428E2F5C800F59461;
			remoteInfo = LiSIGN;
		};
		A461665028E2F5CA00F59461 /* PBXContainerItemProxy */ = {
			isa = PBXContainerItemProxy;
			containerPortal = A461662D28E2F5C800F59461 /* Project object */;
			proxyType = 1;
			remoteGlobalIDString = A461663428E2F5C800F59461;
			remoteInfo = LiSIGN;
		};
/* End PBXContainerItemProxy section */

/* Begin PBXFileReference section */
		2F37678528FB23DE000050FE /* ProductCard.swift */ = {isa = PBXFileReference; lastKnownFileType = sourcecode.swift; path = ProductCard.swift; sourceTree = "<group>"; };
		2F5F5EE228F1BCB500C56C6D /* TabBarItem.swift */ = {isa = PBXFileReference; lastKnownFileType = sourcecode.swift; path = TabBarItem.swift; sourceTree = "<group>"; };
		2F6257AC2901469E002E9832 /* AddButton.swift */ = {isa = PBXFileReference; lastKnownFileType = sourcecode.swift; path = AddButton.swift; sourceTree = "<group>"; };
		2F6257AE290147FE002E9832 /* SearchBar.swift */ = {isa = PBXFileReference; lastKnownFileType = sourcecode.swift; path = SearchBar.swift; sourceTree = "<group>"; };
		2F76CBE628ED925600ED7F9C /* HomePage.swift */ = {isa = PBXFileReference; lastKnownFileType = sourcecode.swift; path = HomePage.swift; sourceTree = "<group>"; };
		2F76CBE828ED94B400ED7F9C /* RoomsView.swift */ = {isa = PBXFileReference; lastKnownFileType = sourcecode.swift; path = RoomsView.swift; sourceTree = "<group>"; };
		2F76CBEA28ED94C500ED7F9C /* MarketPlaceView.swift */ = {isa = PBXFileReference; lastKnownFileType = sourcecode.swift; path = MarketPlaceView.swift; sourceTree = "<group>"; };
		2F76CBED28EDA5D600ED7F9C /* AppTabBarView.swift */ = {isa = PBXFileReference; lastKnownFileType = sourcecode.swift; path = AppTabBarView.swift; sourceTree = "<group>"; };
		2F76CBEF28EDB18700ED7F9C /* CustomTabBarView.swift */ = {isa = PBXFileReference; lastKnownFileType = sourcecode.swift; path = CustomTabBarView.swift; sourceTree = "<group>"; };
		2F76CBF128EDBA2300ED7F9C /* CustomTabBarContainerView.swift */ = {isa = PBXFileReference; lastKnownFileType = sourcecode.swift; path = CustomTabBarContainerView.swift; sourceTree = "<group>"; };
		2F76CBF328EDD8DB00ED7F9C /* TabBarItemsPreferenceKey.swift */ = {isa = PBXFileReference; lastKnownFileType = sourcecode.swift; path = TabBarItemsPreferenceKey.swift; sourceTree = "<group>"; };
		A4305B0729094E0C00E6A41B /* ProductsView.swift */ = {isa = PBXFileReference; lastKnownFileType = sourcecode.swift; path = ProductsView.swift; sourceTree = "<group>"; };
		A461663528E2F5C800F59461 /* LiSIGN.app */ = {isa = PBXFileReference; explicitFileType = wrapper.application; includeInIndex = 0; path = LiSIGN.app; sourceTree = BUILT_PRODUCTS_DIR; };
		A461663828E2F5C800F59461 /* LiSIGNApp.swift */ = {isa = PBXFileReference; lastKnownFileType = sourcecode.swift; path = LiSIGNApp.swift; sourceTree = "<group>"; };
		A461663A28E2F5C800F59461 /* ContentView.swift */ = {isa = PBXFileReference; lastKnownFileType = sourcecode.swift; path = ContentView.swift; sourceTree = "<group>"; };
		A461663C28E2F5CA00F59461 /* Assets.xcassets */ = {isa = PBXFileReference; lastKnownFileType = folder.assetcatalog; path = Assets.xcassets; sourceTree = "<group>"; };
		A461663F28E2F5CA00F59461 /* Preview Assets.xcassets */ = {isa = PBXFileReference; lastKnownFileType = folder.assetcatalog; path = "Preview Assets.xcassets"; sourceTree = "<group>"; };
		A461664528E2F5CA00F59461 /* LiSIGNTests.xctest */ = {isa = PBXFileReference; explicitFileType = wrapper.cfbundle; includeInIndex = 0; path = LiSIGNTests.xctest; sourceTree = BUILT_PRODUCTS_DIR; };
		A461664928E2F5CA00F59461 /* LiSIGNTests.swift */ = {isa = PBXFileReference; lastKnownFileType = sourcecode.swift; path = LiSIGNTests.swift; sourceTree = "<group>"; };
		A461664F28E2F5CA00F59461 /* LiSIGNUITests.xctest */ = {isa = PBXFileReference; explicitFileType = wrapper.cfbundle; includeInIndex = 0; path = LiSIGNUITests.xctest; sourceTree = BUILT_PRODUCTS_DIR; };
		A461665328E2F5CA00F59461 /* LiSIGNUITests.swift */ = {isa = PBXFileReference; lastKnownFileType = sourcecode.swift; path = LiSIGNUITests.swift; sourceTree = "<group>"; };
		A461665528E2F5CA00F59461 /* LiSIGNUITestsLaunchTests.swift */ = {isa = PBXFileReference; lastKnownFileType = sourcecode.swift; path = LiSIGNUITestsLaunchTests.swift; sourceTree = "<group>"; };
		A47FC224292D3AEE008B17EC /* Product.swift */ = {isa = PBXFileReference; lastKnownFileType = sourcecode.swift; path = Product.swift; sourceTree = "<group>"; };
		A4DA5CB62907003500E6CCF7 /* Assets.xcassets */ = {isa = PBXFileReference; lastKnownFileType = folder.assetcatalog; path = Assets.xcassets; sourceTree = "<group>"; };
		A4DAF697292D3CF900F811D2 /* ProductDetailCard.swift */ = {isa = PBXFileReference; lastKnownFileType = sourcecode.swift; path = ProductDetailCard.swift; sourceTree = "<group>"; };
		A4DAF699292D3D1700F811D2 /* AddProductView.swift */ = {isa = PBXFileReference; lastKnownFileType = sourcecode.swift; path = AddProductView.swift; sourceTree = "<group>"; };
		A4DAF69B292D3D3A00F811D2 /* ProductsViewModel.swift */ = {isa = PBXFileReference; lastKnownFileType = sourcecode.swift; path = ProductsViewModel.swift; sourceTree = "<group>"; };
		A4DAF69D292D514700F811D2 /* ShowUserTesting.swift */ = {isa = PBXFileReference; lastKnownFileType = sourcecode.swift; path = ShowUserTesting.swift; sourceTree = "<group>"; };
		A4DAF6A3292F89F800F811D2 /* ReadProductsViewModel.swift */ = {isa = PBXFileReference; lastKnownFileType = sourcecode.swift; path = ReadProductsViewModel.swift; sourceTree = "<group>"; };
		A4DAF6A8292FD8A100F811D2 /* ProductList.swift */ = {isa = PBXFileReference; lastKnownFileType = sourcecode.swift; path = ProductList.swift; sourceTree = "<group>"; };
		A4DAF6AA292FE25600F811D2 /* ProductCard_.swift */ = {isa = PBXFileReference; lastKnownFileType = sourcecode.swift; path = ProductCard_.swift; sourceTree = "<group>"; };
		A4DF0FA828F0434400F61A47 /* GoogleService-Info.plist */ = {isa = PBXFileReference; fileEncoding = 4; lastKnownFileType = text.plist.xml; path = "GoogleService-Info.plist"; sourceTree = "<group>"; };
		A4F171A228E306A0006BE5B1 /* LoginPageModel.swift */ = {isa = PBXFileReference; lastKnownFileType = sourcecode.swift; path = LoginPageModel.swift; sourceTree = "<group>"; };
		A4F171A528E306D4006BE5B1 /* Fonts */ = {isa = PBXFileReference; lastKnownFileType = folder; path = Fonts; sourceTree = "<group>"; };
		A4F171A728E306EE006BE5B1 /* CustomCorners.swift */ = {isa = PBXFileReference; fileEncoding = 4; lastKnownFileType = sourcecode.swift; path = CustomCorners.swift; sourceTree = "<group>"; };
		A4F171A928E306F6006BE5B1 /* LoginPage.swift */ = {isa = PBXFileReference; fileEncoding = 4; lastKnownFileType = sourcecode.swift; path = LoginPage.swift; sourceTree = "<group>"; };
		A4F171AB28E306FF006BE5B1 /* OnBoardingPage.swift */ = {isa = PBXFileReference; fileEncoding = 4; lastKnownFileType = sourcecode.swift; path = OnBoardingPage.swift; sourceTree = "<group>"; };
		A4F171AD28E30710006BE5B1 /* bad3.png */ = {isa = PBXFileReference; lastKnownFileType = image.png; path = bad3.png; sourceTree = "<group>"; };
		A4FA0E5C2907F27100DB9F2D /* CardDetailed.swift */ = {isa = PBXFileReference; lastKnownFileType = sourcecode.swift; path = CardDetailed.swift; sourceTree = "<group>"; };
/* End PBXFileReference section */

/* Begin PBXFrameworksBuildPhase section */
		A461663228E2F5C800F59461 /* Frameworks */ = {
			isa = PBXFrameworksBuildPhase;
			buildActionMask = 2147483647;
			files = (
				2F5F5EBE28F0309F00C56C6D /* (null) in Frameworks */,
				2F5F5ECC28F0309F00C56C6D /* (null) in Frameworks */,
				2F5F5EC428F0309F00C56C6D /* (null) in Frameworks */,
				2F5F5EB028F0309F00C56C6D /* (null) in Frameworks */,
				2F5F5EAC28F0309F00C56C6D /* (null) in Frameworks */,
				2F5F5EAE28F0309F00C56C6D /* (null) in Frameworks */,
				2F5F5ED428F0309F00C56C6D /* (null) in Frameworks */,
				2F5F5EC828F0309F00C56C6D /* (null) in Frameworks */,
				2F5F5EB428F0309F00C56C6D /* (null) in Frameworks */,
				2F5F5EB228F0309F00C56C6D /* (null) in Frameworks */,
				2F5F5EB828F0309F00C56C6D /* (null) in Frameworks */,
				2F5F5EBC28F0309F00C56C6D /* (null) in Frameworks */,
				2F5F5EDC28F0309F00C56C6D /* (null) in Frameworks */,
				2F5F5ECE28F0309F00C56C6D /* (null) in Frameworks */,
				2F5F5EC028F0309F00C56C6D /* (null) in Frameworks */,
				2F5F5ECA28F0309F00C56C6D /* (null) in Frameworks */,
				2F5F5EE028F0309F00C56C6D /* (null) in Frameworks */,
				2F5F5EDA28F0309F00C56C6D /* (null) in Frameworks */,
				2F5F5EB628F0309F00C56C6D /* (null) in Frameworks */,
				2F5F5EBA28F0309F00C56C6D /* (null) in Frameworks */,
				2F5F5ED828F0309F00C56C6D /* (null) in Frameworks */,
				2F5F5ED028F0309F00C56C6D /* (null) in Frameworks */,
				2F5F5EDE28F0309F00C56C6D /* (null) in Frameworks */,
				2F5F5EC228F0309F00C56C6D /* (null) in Frameworks */,
				2F5F5EC628F0309F00C56C6D /* (null) in Frameworks */,
				2F5F5ED628F0309F00C56C6D /* (null) in Frameworks */,
				2F5F5ED228F0309F00C56C6D /* (null) in Frameworks */,
				A420A66C2905BBA100193973 /* FirebaseDatabase in Frameworks */,
				A420A67A2905BBA100193973 /* FirebaseFunctionsCombine-Community in Frameworks */,
				A420A6722905BBA100193973 /* FirebaseFirestore in Frameworks */,
				A420A65E2905BBA100193973 /* FirebaseAnalyticsSwift in Frameworks */,
				A420A65A2905BBA100193973 /* FirebaseAnalytics in Frameworks */,
				A420A65C2905BBA100193973 /* FirebaseAnalyticsOnDeviceConversion in Frameworks */,
				A420A6822905BBA100193973 /* FirebaseMLModelDownloader in Frameworks */,
				A420A6762905BBA100193973 /* FirebaseFirestoreSwift in Frameworks */,
				A420A6622905BBA100193973 /* FirebaseAppCheck in Frameworks */,
				A420A6602905BBA100193973 /* FirebaseAnalyticsWithoutAdIdSupport in Frameworks */,
				A420A6662905BBA100193973 /* FirebaseAuth in Frameworks */,
				A420A66A2905BBA100193973 /* FirebaseCrashlytics in Frameworks */,
				A420A68A2905BBA100193973 /* FirebaseRemoteConfigSwift in Frameworks */,
				A420A67C2905BBA100193973 /* FirebaseInAppMessaging-Beta in Frameworks */,
				A420A66E2905BBA100193973 /* FirebaseDatabaseSwift in Frameworks */,
				A420A6782905BBA100193973 /* FirebaseFunctions in Frameworks */,
				A420A68E2905BBA100193973 /* FirebaseStorageCombine-Community in Frameworks */,
				A420A6882905BBA100193973 /* FirebaseRemoteConfig in Frameworks */,
				A420A6642905BBA100193973 /* FirebaseAppDistribution-Beta in Frameworks */,
				A420A6682905BBA100193973 /* FirebaseAuthCombine-Community in Frameworks */,
				A420A6862905BBA100193973 /* FirebasePerformance in Frameworks */,
				A420A67E2905BBA100193973 /* FirebaseInAppMessagingSwift-Beta in Frameworks */,
				A420A68C2905BBA100193973 /* FirebaseStorage in Frameworks */,
				A420A6702905BBA100193973 /* FirebaseDynamicLinks in Frameworks */,
				A420A6742905BBA100193973 /* FirebaseFirestoreCombine-Community in Frameworks */,
				A420A6842905BBA100193973 /* FirebaseMessaging in Frameworks */,
				A420A6802905BBA100193973 /* FirebaseInstallations in Frameworks */,
			);
			runOnlyForDeploymentPostprocessing = 0;
		};
		A461664228E2F5CA00F59461 /* Frameworks */ = {
			isa = PBXFrameworksBuildPhase;
			buildActionMask = 2147483647;
			files = (
			);
			runOnlyForDeploymentPostprocessing = 0;
		};
		A461664C28E2F5CA00F59461 /* Frameworks */ = {
			isa = PBXFrameworksBuildPhase;
			buildActionMask = 2147483647;
			files = (
			);
			runOnlyForDeploymentPostprocessing = 0;
		};
/* End PBXFrameworksBuildPhase section */

/* Begin PBXGroup section */
		2F37678428FB23C3000050FE /* shared */ = {
			isa = PBXGroup;
			children = (
				A4F171A728E306EE006BE5B1 /* CustomCorners.swift */,
				2F37678528FB23DE000050FE /* ProductCard.swift */,
				2F6257AC2901469E002E9832 /* AddButton.swift */,
				2F6257AE290147FE002E9832 /* SearchBar.swift */,
				A4DAF697292D3CF900F811D2 /* ProductDetailCard.swift */,
			);
			path = shared;
			sourceTree = "<group>";
		};
		2F6257AB290098DC002E9832 /* Pages */ = {
			isa = PBXGroup;
			children = (
				A4FA0E5C2907F27100DB9F2D /* CardDetailed.swift */,
				2F76CBE628ED925600ED7F9C /* HomePage.swift */,
				2F76CBE828ED94B400ED7F9C /* RoomsView.swift */,
				2F76CBEA28ED94C500ED7F9C /* MarketPlaceView.swift */,
				A4305B0729094E0C00E6A41B /* ProductsView.swift */,
				A4DAF699292D3D1700F811D2 /* AddProductView.swift */,
				A4DAF69D292D514700F811D2 /* ShowUserTesting.swift */,
			);
			path = Pages;
			sourceTree = "<group>";
		};
		2F76CBEC28EDA52E00ED7F9C /* CustomTabBar */ = {
			isa = PBXGroup;
			children = (
				2F76CBED28EDA5D600ED7F9C /* AppTabBarView.swift */,
				2F76CBEF28EDB18700ED7F9C /* CustomTabBarView.swift */,
				2F76CBF128EDBA2300ED7F9C /* CustomTabBarContainerView.swift */,
				2F76CBF328EDD8DB00ED7F9C /* TabBarItemsPreferenceKey.swift */,
				2F5F5EE228F1BCB500C56C6D /* TabBarItem.swift */,
			);
			path = CustomTabBar;
			sourceTree = "<group>";
		};
		A461662C28E2F5C800F59461 = {
			isa = PBXGroup;
			children = (
				A4DF0FA828F0434400F61A47 /* GoogleService-Info.plist */,
				A461663728E2F5C800F59461 /* LiSIGN */,
				A461664828E2F5CA00F59461 /* LiSIGNTests */,
				A461665228E2F5CA00F59461 /* LiSIGNUITests */,
				A461663628E2F5C800F59461 /* Products */,
			);
			sourceTree = "<group>";
		};
		A461663628E2F5C800F59461 /* Products */ = {
			isa = PBXGroup;
			children = (
				A461663528E2F5C800F59461 /* LiSIGN.app */,
				A461664528E2F5CA00F59461 /* LiSIGNTests.xctest */,
				A461664F28E2F5CA00F59461 /* LiSIGNUITests.xctest */,
			);
			name = Products;
			sourceTree = "<group>";
		};
		A461663728E2F5C800F59461 /* LiSIGN */ = {
			isa = PBXGroup;
			children = (
				A4DAF6AA292FE25600F811D2 /* ProductCard_.swift */,
				A4DAF6A8292FD8A100F811D2 /* ProductList.swift */,
				A4DAF6A5292FD66300F811D2 /* Models */,
				A4F171A528E306D4006BE5B1 /* Fonts */,
				A4F171A428E306C4006BE5B1 /* View */,
				A4F171A128E3066E006BE5B1 /* ViewModel */,
				A461663828E2F5C800F59461 /* LiSIGNApp.swift */,
				A461663A28E2F5C800F59461 /* ContentView.swift */,
				A461663E28E2F5CA00F59461 /* Preview Content */,
				A4DA5CB62907003500E6CCF7 /* Assets.xcassets */,
			);
			path = LiSIGN;
			sourceTree = "<group>";
		};
		A461663E28E2F5CA00F59461 /* Preview Content */ = {
			isa = PBXGroup;
			children = (
				A461663F28E2F5CA00F59461 /* Preview Assets.xcassets */,
				A4F171AD28E30710006BE5B1 /* bad3.png */,
			);
			path = "Preview Content";
			sourceTree = "<group>";
		};
		A461664828E2F5CA00F59461 /* LiSIGNTests */ = {
			isa = PBXGroup;
			children = (
				A461664928E2F5CA00F59461 /* LiSIGNTests.swift */,
			);
			path = LiSIGNTests;
			sourceTree = "<group>";
		};
		A461665228E2F5CA00F59461 /* LiSIGNUITests */ = {
			isa = PBXGroup;
			children = (
				A461663C28E2F5CA00F59461 /* Assets.xcassets */,
				A461665328E2F5CA00F59461 /* LiSIGNUITests.swift */,
				A461665528E2F5CA00F59461 /* LiSIGNUITestsLaunchTests.swift */,
			);
			path = LiSIGNUITests;
			sourceTree = "<group>";
		};
		A4DAF6A5292FD66300F811D2 /* Models */ = {
			isa = PBXGroup;
			children = (
				A47FC224292D3AEE008B17EC /* Product.swift */,
			);
			path = Models;
			sourceTree = "<group>";
		};
		A4F171A128E3066E006BE5B1 /* ViewModel */ = {
			isa = PBXGroup;
			children = (
				A4DAF6A3292F89F800F811D2 /* ReadProductsViewModel.swift */,
				A4F171A228E306A0006BE5B1 /* LoginPageModel.swift */,
				A4DAF69B292D3D3A00F811D2 /* ProductsViewModel.swift */,
			);
			path = ViewModel;
			sourceTree = "<group>";
		};
		A4F171A428E306C4006BE5B1 /* View */ = {
			isa = PBXGroup;
			children = (
				2F6257AB290098DC002E9832 /* Pages */,
				2F37678428FB23C3000050FE /* shared */,
				2F76CBEC28EDA52E00ED7F9C /* CustomTabBar */,
				A4F171AB28E306FF006BE5B1 /* OnBoardingPage.swift */,
				A4F171A928E306F6006BE5B1 /* LoginPage.swift */,
			);
			path = View;
			sourceTree = "<group>";
		};
/* End PBXGroup section */

/* Begin PBXNativeTarget section */
		A461663428E2F5C800F59461 /* LiSIGN */ = {
			isa = PBXNativeTarget;
			buildConfigurationList = A461665928E2F5CA00F59461 /* Build configuration list for PBXNativeTarget "LiSIGN" */;
			buildPhases = (
				A461663128E2F5C800F59461 /* Sources */,
				A461663228E2F5C800F59461 /* Frameworks */,
				A461663328E2F5C800F59461 /* Resources */,
			);
			buildRules = (
			);
			dependencies = (
			);
			name = LiSIGN;
			packageProductDependencies = (
				A420A6592905BBA100193973 /* FirebaseAnalytics */,
				A420A65B2905BBA100193973 /* FirebaseAnalyticsOnDeviceConversion */,
				A420A65D2905BBA100193973 /* FirebaseAnalyticsSwift */,
				A420A65F2905BBA100193973 /* FirebaseAnalyticsWithoutAdIdSupport */,
				A420A6612905BBA100193973 /* FirebaseAppCheck */,
				A420A6632905BBA100193973 /* FirebaseAppDistribution-Beta */,
				A420A6652905BBA100193973 /* FirebaseAuth */,
				A420A6672905BBA100193973 /* FirebaseAuthCombine-Community */,
				A420A6692905BBA100193973 /* FirebaseCrashlytics */,
				A420A66B2905BBA100193973 /* FirebaseDatabase */,
				A420A66D2905BBA100193973 /* FirebaseDatabaseSwift */,
				A420A66F2905BBA100193973 /* FirebaseDynamicLinks */,
				A420A6712905BBA100193973 /* FirebaseFirestore */,
				A420A6732905BBA100193973 /* FirebaseFirestoreCombine-Community */,
				A420A6752905BBA100193973 /* FirebaseFirestoreSwift */,
				A420A6772905BBA100193973 /* FirebaseFunctions */,
				A420A6792905BBA100193973 /* FirebaseFunctionsCombine-Community */,
				A420A67B2905BBA100193973 /* FirebaseInAppMessaging-Beta */,
				A420A67D2905BBA100193973 /* FirebaseInAppMessagingSwift-Beta */,
				A420A67F2905BBA100193973 /* FirebaseInstallations */,
				A420A6812905BBA100193973 /* FirebaseMLModelDownloader */,
				A420A6832905BBA100193973 /* FirebaseMessaging */,
				A420A6852905BBA100193973 /* FirebasePerformance */,
				A420A6872905BBA100193973 /* FirebaseRemoteConfig */,
				A420A6892905BBA100193973 /* FirebaseRemoteConfigSwift */,
				A420A68B2905BBA100193973 /* FirebaseStorage */,
				A420A68D2905BBA100193973 /* FirebaseStorageCombine-Community */,
			);
			productName = LiSIGN;
			productReference = A461663528E2F5C800F59461 /* LiSIGN.app */;
			productType = "com.apple.product-type.application";
		};
		A461664428E2F5CA00F59461 /* LiSIGNTests */ = {
			isa = PBXNativeTarget;
			buildConfigurationList = A461665C28E2F5CA00F59461 /* Build configuration list for PBXNativeTarget "LiSIGNTests" */;
			buildPhases = (
				A461664128E2F5CA00F59461 /* Sources */,
				A461664228E2F5CA00F59461 /* Frameworks */,
				A461664328E2F5CA00F59461 /* Resources */,
			);
			buildRules = (
			);
			dependencies = (
				A461664728E2F5CA00F59461 /* PBXTargetDependency */,
			);
			name = LiSIGNTests;
			productName = LiSIGNTests;
			productReference = A461664528E2F5CA00F59461 /* LiSIGNTests.xctest */;
			productType = "com.apple.product-type.bundle.unit-test";
		};
		A461664E28E2F5CA00F59461 /* LiSIGNUITests */ = {
			isa = PBXNativeTarget;
			buildConfigurationList = A461665F28E2F5CA00F59461 /* Build configuration list for PBXNativeTarget "LiSIGNUITests" */;
			buildPhases = (
				A461664B28E2F5CA00F59461 /* Sources */,
				A461664C28E2F5CA00F59461 /* Frameworks */,
				A461664D28E2F5CA00F59461 /* Resources */,
			);
			buildRules = (
			);
			dependencies = (
				A461665128E2F5CA00F59461 /* PBXTargetDependency */,
			);
			name = LiSIGNUITests;
			productName = LiSIGNUITests;
			productReference = A461664F28E2F5CA00F59461 /* LiSIGNUITests.xctest */;
			productType = "com.apple.product-type.bundle.ui-testing";
		};
/* End PBXNativeTarget section */

/* Begin PBXProject section */
		A461662D28E2F5C800F59461 /* Project object */ = {
			isa = PBXProject;
			attributes = {
				BuildIndependentTargetsInParallel = 1;
				LastSwiftUpdateCheck = 1340;
				LastUpgradeCheck = 1340;
				TargetAttributes = {
					A461663428E2F5C800F59461 = {
						CreatedOnToolsVersion = 13.4.1;
					};
					A461664428E2F5CA00F59461 = {
						CreatedOnToolsVersion = 13.4.1;
						TestTargetID = A461663428E2F5C800F59461;
					};
					A461664E28E2F5CA00F59461 = {
						CreatedOnToolsVersion = 13.4.1;
						TestTargetID = A461663428E2F5C800F59461;
					};
				};
			};
			buildConfigurationList = A461663028E2F5C800F59461 /* Build configuration list for PBXProject "LiSIGN" */;
			compatibilityVersion = "Xcode 13.0";
			developmentRegion = en;
			hasScannedForEncodings = 0;
			knownRegions = (
				en,
				Base,
			);
			mainGroup = A461662C28E2F5C800F59461;
			packageReferences = (
				A420A6582905BBA100193973 /* XCRemoteSwiftPackageReference "firebase-ios-sdk" */,
			);
			productRefGroup = A461663628E2F5C800F59461 /* Products */;
			projectDirPath = "";
			projectRoot = "";
			targets = (
				A461663428E2F5C800F59461 /* LiSIGN */,
				A461664428E2F5CA00F59461 /* LiSIGNTests */,
				A461664E28E2F5CA00F59461 /* LiSIGNUITests */,
			);
		};
/* End PBXProject section */

/* Begin PBXResourcesBuildPhase section */
		A461663328E2F5C800F59461 /* Resources */ = {
			isa = PBXResourcesBuildPhase;
			buildActionMask = 2147483647;
			files = (
				A4F171A628E306D4006BE5B1 /* Fonts in Resources */,
				A4F171AE28E30710006BE5B1 /* bad3.png in Resources */,
				A4DF0FA928F0434400F61A47 /* GoogleService-Info.plist in Resources */,
				A461664028E2F5CA00F59461 /* Preview Assets.xcassets in Resources */,
				A461663D28E2F5CA00F59461 /* Assets.xcassets in Resources */,
				A4DA5CB72907003500E6CCF7 /* Assets.xcassets in Resources */,
			);
			runOnlyForDeploymentPostprocessing = 0;
		};
		A461664328E2F5CA00F59461 /* Resources */ = {
			isa = PBXResourcesBuildPhase;
			buildActionMask = 2147483647;
			files = (
			);
			runOnlyForDeploymentPostprocessing = 0;
		};
		A461664D28E2F5CA00F59461 /* Resources */ = {
			isa = PBXResourcesBuildPhase;
			buildActionMask = 2147483647;
			files = (
			);
			runOnlyForDeploymentPostprocessing = 0;
		};
/* End PBXResourcesBuildPhase section */

/* Begin PBXSourcesBuildPhase section */
		A461663128E2F5C800F59461 /* Sources */ = {
			isa = PBXSourcesBuildPhase;
			buildActionMask = 2147483647;
			files = (
				A4DAF6A4292F89F800F811D2 /* ReadProductsViewModel.swift in Sources */,
				A4DAF698292D3CF900F811D2 /* ProductDetailCard.swift in Sources */,
				A461663B28E2F5C800F59461 /* ContentView.swift in Sources */,
				A4305B0829094E0C00E6A41B /* ProductsView.swift in Sources */,
				A4F171AC28E306FF006BE5B1 /* OnBoardingPage.swift in Sources */,
				A4DAF69E292D514700F811D2 /* ShowUserTesting.swift in Sources */,
				A4DAF69A292D3D1700F811D2 /* AddProductView.swift in Sources */,
				2F76CBEB28ED94C500ED7F9C /* MarketPlaceView.swift in Sources */,
				A47FC225292D3AEE008B17EC /* Product.swift in Sources */,
				2F76CBF428EDD8DB00ED7F9C /* TabBarItemsPreferenceKey.swift in Sources */,
				2F5F5EE328F1BCB500C56C6D /* TabBarItem.swift in Sources */,
				A4F171A828E306EE006BE5B1 /* CustomCorners.swift in Sources */,
				A461663928E2F5C800F59461 /* LiSIGNApp.swift in Sources */,
				A4FA0E5D2907F27100DB9F2D /* CardDetailed.swift in Sources */,
				A4F171AA28E306F6006BE5B1 /* LoginPage.swift in Sources */,
				2F37678628FB23DE000050FE /* ProductCard.swift in Sources */,
				2F76CBE928ED94B400ED7F9C /* RoomsView.swift in Sources */,
				A4DAF69C292D3D3A00F811D2 /* ProductsViewModel.swift in Sources */,
				2F76CBF228EDBA2300ED7F9C /* CustomTabBarContainerView.swift in Sources */,
				A4DAF6AB292FE25600F811D2 /* ProductCard_.swift in Sources */,
				2F76CBE728ED925600ED7F9C /* HomePage.swift in Sources */,
				A4F171A328E306A0006BE5B1 /* LoginPageModel.swift in Sources */,
				2F76CBEE28EDA5D600ED7F9C /* AppTabBarView.swift in Sources */,
				2F76CBF028EDB18700ED7F9C /* CustomTabBarView.swift in Sources */,
				A4DAF6A9292FD8A100F811D2 /* ProductList.swift in Sources */,
				2F6257AF290147FE002E9832 /* SearchBar.swift in Sources */,
				2F6257AD2901469E002E9832 /* AddButton.swift in Sources */,
			);
			runOnlyForDeploymentPostprocessing = 0;
		};
		A461664128E2F5CA00F59461 /* Sources */ = {
			isa = PBXSourcesBuildPhase;
			buildActionMask = 2147483647;
			files = (
				A461664A28E2F5CA00F59461 /* LiSIGNTests.swift in Sources */,
			);
			runOnlyForDeploymentPostprocessing = 0;
		};
		A461664B28E2F5CA00F59461 /* Sources */ = {
			isa = PBXSourcesBuildPhase;
			buildActionMask = 2147483647;
			files = (
				A461665628E2F5CA00F59461 /* LiSIGNUITestsLaunchTests.swift in Sources */,
				A461665428E2F5CA00F59461 /* LiSIGNUITests.swift in Sources */,
			);
			runOnlyForDeploymentPostprocessing = 0;
		};
/* End PBXSourcesBuildPhase section */

/* Begin PBXTargetDependency section */
		A461664728E2F5CA00F59461 /* PBXTargetDependency */ = {
			isa = PBXTargetDependency;
			target = A461663428E2F5C800F59461 /* LiSIGN */;
			targetProxy = A461664628E2F5CA00F59461 /* PBXContainerItemProxy */;
		};
		A461665128E2F5CA00F59461 /* PBXTargetDependency */ = {
			isa = PBXTargetDependency;
			target = A461663428E2F5C800F59461 /* LiSIGN */;
			targetProxy = A461665028E2F5CA00F59461 /* PBXContainerItemProxy */;
		};
/* End PBXTargetDependency section */

/* Begin XCBuildConfiguration section */
		A461665728E2F5CA00F59461 /* Debug */ = {
			isa = XCBuildConfiguration;
			buildSettings = {
				ALWAYS_SEARCH_USER_PATHS = NO;
				CLANG_ANALYZER_NONNULL = YES;
				CLANG_ANALYZER_NUMBER_OBJECT_CONVERSION = YES_AGGRESSIVE;
				CLANG_CXX_LANGUAGE_STANDARD = "gnu++17";
				CLANG_ENABLE_MODULES = YES;
				CLANG_ENABLE_OBJC_ARC = YES;
				CLANG_ENABLE_OBJC_WEAK = YES;
				CLANG_WARN_BLOCK_CAPTURE_AUTORELEASING = YES;
				CLANG_WARN_BOOL_CONVERSION = YES;
				CLANG_WARN_COMMA = YES;
				CLANG_WARN_CONSTANT_CONVERSION = YES;
				CLANG_WARN_DEPRECATED_OBJC_IMPLEMENTATIONS = YES;
				CLANG_WARN_DIRECT_OBJC_ISA_USAGE = YES_ERROR;
				CLANG_WARN_DOCUMENTATION_COMMENTS = YES;
				CLANG_WARN_EMPTY_BODY = YES;
				CLANG_WARN_ENUM_CONVERSION = YES;
				CLANG_WARN_INFINITE_RECURSION = YES;
				CLANG_WARN_INT_CONVERSION = YES;
				CLANG_WARN_NON_LITERAL_NULL_CONVERSION = YES;
				CLANG_WARN_OBJC_IMPLICIT_RETAIN_SELF = YES;
				CLANG_WARN_OBJC_LITERAL_CONVERSION = YES;
				CLANG_WARN_OBJC_ROOT_CLASS = YES_ERROR;
				CLANG_WARN_QUOTED_INCLUDE_IN_FRAMEWORK_HEADER = YES;
				CLANG_WARN_RANGE_LOOP_ANALYSIS = YES;
				CLANG_WARN_STRICT_PROTOTYPES = YES;
				CLANG_WARN_SUSPICIOUS_MOVE = YES;
				CLANG_WARN_UNGUARDED_AVAILABILITY = YES_AGGRESSIVE;
				CLANG_WARN_UNREACHABLE_CODE = YES;
				CLANG_WARN__DUPLICATE_METHOD_MATCH = YES;
				COPY_PHASE_STRIP = NO;
				DEBUG_INFORMATION_FORMAT = dwarf;
				ENABLE_STRICT_OBJC_MSGSEND = YES;
				ENABLE_TESTABILITY = YES;
				GCC_C_LANGUAGE_STANDARD = gnu11;
				GCC_DYNAMIC_NO_PIC = NO;
				GCC_NO_COMMON_BLOCKS = YES;
				GCC_OPTIMIZATION_LEVEL = 0;
				GCC_PREPROCESSOR_DEFINITIONS = (
					"DEBUG=1",
					"$(inherited)",
				);
				GCC_WARN_64_TO_32_BIT_CONVERSION = YES;
				GCC_WARN_ABOUT_RETURN_TYPE = YES_ERROR;
				GCC_WARN_UNDECLARED_SELECTOR = YES;
				GCC_WARN_UNINITIALIZED_AUTOS = YES_AGGRESSIVE;
				GCC_WARN_UNUSED_FUNCTION = YES;
				GCC_WARN_UNUSED_VARIABLE = YES;
				IPHONEOS_DEPLOYMENT_TARGET = 15.5;
				MTL_ENABLE_DEBUG_INFO = INCLUDE_SOURCE;
				MTL_FAST_MATH = YES;
				ONLY_ACTIVE_ARCH = YES;
				SDKROOT = iphoneos;
				SWIFT_ACTIVE_COMPILATION_CONDITIONS = DEBUG;
				SWIFT_OPTIMIZATION_LEVEL = "-Onone";
			};
			name = Debug;
		};
		A461665828E2F5CA00F59461 /* Release */ = {
			isa = XCBuildConfiguration;
			buildSettings = {
				ALWAYS_SEARCH_USER_PATHS = NO;
				CLANG_ANALYZER_NONNULL = YES;
				CLANG_ANALYZER_NUMBER_OBJECT_CONVERSION = YES_AGGRESSIVE;
				CLANG_CXX_LANGUAGE_STANDARD = "gnu++17";
				CLANG_ENABLE_MODULES = YES;
				CLANG_ENABLE_OBJC_ARC = YES;
				CLANG_ENABLE_OBJC_WEAK = YES;
				CLANG_WARN_BLOCK_CAPTURE_AUTORELEASING = YES;
				CLANG_WARN_BOOL_CONVERSION = YES;
				CLANG_WARN_COMMA = YES;
				CLANG_WARN_CONSTANT_CONVERSION = YES;
				CLANG_WARN_DEPRECATED_OBJC_IMPLEMENTATIONS = YES;
				CLANG_WARN_DIRECT_OBJC_ISA_USAGE = YES_ERROR;
				CLANG_WARN_DOCUMENTATION_COMMENTS = YES;
				CLANG_WARN_EMPTY_BODY = YES;
				CLANG_WARN_ENUM_CONVERSION = YES;
				CLANG_WARN_INFINITE_RECURSION = YES;
				CLANG_WARN_INT_CONVERSION = YES;
				CLANG_WARN_NON_LITERAL_NULL_CONVERSION = YES;
				CLANG_WARN_OBJC_IMPLICIT_RETAIN_SELF = YES;
				CLANG_WARN_OBJC_LITERAL_CONVERSION = YES;
				CLANG_WARN_OBJC_ROOT_CLASS = YES_ERROR;
				CLANG_WARN_QUOTED_INCLUDE_IN_FRAMEWORK_HEADER = YES;
				CLANG_WARN_RANGE_LOOP_ANALYSIS = YES;
				CLANG_WARN_STRICT_PROTOTYPES = YES;
				CLANG_WARN_SUSPICIOUS_MOVE = YES;
				CLANG_WARN_UNGUARDED_AVAILABILITY = YES_AGGRESSIVE;
				CLANG_WARN_UNREACHABLE_CODE = YES;
				CLANG_WARN__DUPLICATE_METHOD_MATCH = YES;
				COPY_PHASE_STRIP = NO;
				DEBUG_INFORMATION_FORMAT = "dwarf-with-dsym";
				ENABLE_NS_ASSERTIONS = NO;
				ENABLE_STRICT_OBJC_MSGSEND = YES;
				GCC_C_LANGUAGE_STANDARD = gnu11;
				GCC_NO_COMMON_BLOCKS = YES;
				GCC_WARN_64_TO_32_BIT_CONVERSION = YES;
				GCC_WARN_ABOUT_RETURN_TYPE = YES_ERROR;
				GCC_WARN_UNDECLARED_SELECTOR = YES;
				GCC_WARN_UNINITIALIZED_AUTOS = YES_AGGRESSIVE;
				GCC_WARN_UNUSED_FUNCTION = YES;
				GCC_WARN_UNUSED_VARIABLE = YES;
				IPHONEOS_DEPLOYMENT_TARGET = 15.5;
				MTL_ENABLE_DEBUG_INFO = NO;
				MTL_FAST_MATH = YES;
				SDKROOT = iphoneos;
				SWIFT_COMPILATION_MODE = wholemodule;
				SWIFT_OPTIMIZATION_LEVEL = "-O";
				VALIDATE_PRODUCT = YES;
			};
			name = Release;
		};
		A461665A28E2F5CA00F59461 /* Debug */ = {
			isa = XCBuildConfiguration;
			buildSettings = {
				ASSETCATALOG_COMPILER_APPICON_NAME = AppIcon;
				ASSETCATALOG_COMPILER_GLOBAL_ACCENT_COLOR_NAME = AccentColor;
				CODE_SIGN_STYLE = Automatic;
				CURRENT_PROJECT_VERSION = 1;
				DEVELOPMENT_ASSET_PATHS = "\"LiSIGN/Preview Content\"";
				DEVELOPMENT_TEAM = 578GML8YK9;
				ENABLE_PREVIEWS = YES;
				GENERATE_INFOPLIST_FILE = YES;
				INFOPLIST_KEY_UIApplicationSceneManifest_Generation = YES;
				INFOPLIST_KEY_UIApplicationSupportsIndirectInputEvents = YES;
				INFOPLIST_KEY_UILaunchScreen_Generation = YES;
				INFOPLIST_KEY_UISupportedInterfaceOrientations_iPad = "UIInterfaceOrientationPortrait UIInterfaceOrientationPortraitUpsideDown UIInterfaceOrientationLandscapeLeft UIInterfaceOrientationLandscapeRight";
				INFOPLIST_KEY_UISupportedInterfaceOrientations_iPhone = "UIInterfaceOrientationPortrait UIInterfaceOrientationLandscapeLeft UIInterfaceOrientationLandscapeRight";
				LD_RUNPATH_SEARCH_PATHS = (
					"$(inherited)",
					"@executable_path/Frameworks",
				);
				MARKETING_VERSION = 1.0;
				PRODUCT_BUNDLE_IDENTIFIER = via.LiSIGNl;
				PRODUCT_NAME = "$(TARGET_NAME)";
				SWIFT_EMIT_LOC_STRINGS = YES;
				SWIFT_VERSION = 5.0;
				TARGETED_DEVICE_FAMILY = "1,2";
			};
			name = Debug;
		};
		A461665B28E2F5CA00F59461 /* Release */ = {
			isa = XCBuildConfiguration;
			buildSettings = {
				ASSETCATALOG_COMPILER_APPICON_NAME = AppIcon;
				ASSETCATALOG_COMPILER_GLOBAL_ACCENT_COLOR_NAME = AccentColor;
				CODE_SIGN_STYLE = Automatic;
				CURRENT_PROJECT_VERSION = 1;
				DEVELOPMENT_ASSET_PATHS = "\"LiSIGN/Preview Content\"";
				DEVELOPMENT_TEAM = 578GML8YK9;
				ENABLE_PREVIEWS = YES;
				GENERATE_INFOPLIST_FILE = YES;
				INFOPLIST_KEY_UIApplicationSceneManifest_Generation = YES;
				INFOPLIST_KEY_UIApplicationSupportsIndirectInputEvents = YES;
				INFOPLIST_KEY_UILaunchScreen_Generation = YES;
				INFOPLIST_KEY_UISupportedInterfaceOrientations_iPad = "UIInterfaceOrientationPortrait UIInterfaceOrientationPortraitUpsideDown UIInterfaceOrientationLandscapeLeft UIInterfaceOrientationLandscapeRight";
				INFOPLIST_KEY_UISupportedInterfaceOrientations_iPhone = "UIInterfaceOrientationPortrait UIInterfaceOrientationLandscapeLeft UIInterfaceOrientationLandscapeRight";
				LD_RUNPATH_SEARCH_PATHS = (
					"$(inherited)",
					"@executable_path/Frameworks",
				);
				MARKETING_VERSION = 1.0;
				PRODUCT_BUNDLE_IDENTIFIER = via.LiSIGNl;
				PRODUCT_NAME = "$(TARGET_NAME)";
				SWIFT_EMIT_LOC_STRINGS = YES;
				SWIFT_VERSION = 5.0;
				TARGETED_DEVICE_FAMILY = "1,2";
			};
			name = Release;
		};
		A461665D28E2F5CA00F59461 /* Debug */ = {
			isa = XCBuildConfiguration;
			buildSettings = {
				ALWAYS_EMBED_SWIFT_STANDARD_LIBRARIES = YES;
				BUNDLE_LOADER = "$(TEST_HOST)";
				CODE_SIGN_STYLE = Automatic;
				CURRENT_PROJECT_VERSION = 1;
				GENERATE_INFOPLIST_FILE = YES;
				IPHONEOS_DEPLOYMENT_TARGET = 15.5;
				MARKETING_VERSION = 1.0;
				PRODUCT_BUNDLE_IDENTIFIER = via.LiSIGNTests;
				PRODUCT_NAME = "$(TARGET_NAME)";
				SWIFT_EMIT_LOC_STRINGS = NO;
				SWIFT_VERSION = 5.0;
				TARGETED_DEVICE_FAMILY = "1,2";
				TEST_HOST = "$(BUILT_PRODUCTS_DIR)/LiSIGN.app/LiSIGN";
			};
			name = Debug;
		};
		A461665E28E2F5CA00F59461 /* Release */ = {
			isa = XCBuildConfiguration;
			buildSettings = {
				ALWAYS_EMBED_SWIFT_STANDARD_LIBRARIES = YES;
				BUNDLE_LOADER = "$(TEST_HOST)";
				CODE_SIGN_STYLE = Automatic;
				CURRENT_PROJECT_VERSION = 1;
				GENERATE_INFOPLIST_FILE = YES;
				IPHONEOS_DEPLOYMENT_TARGET = 15.5;
				MARKETING_VERSION = 1.0;
				PRODUCT_BUNDLE_IDENTIFIER = via.LiSIGNTests;
				PRODUCT_NAME = "$(TARGET_NAME)";
				SWIFT_EMIT_LOC_STRINGS = NO;
				SWIFT_VERSION = 5.0;
				TARGETED_DEVICE_FAMILY = "1,2";
				TEST_HOST = "$(BUILT_PRODUCTS_DIR)/LiSIGN.app/LiSIGN";
			};
			name = Release;
		};
		A461666028E2F5CA00F59461 /* Debug */ = {
			isa = XCBuildConfiguration;
			buildSettings = {
				ALWAYS_EMBED_SWIFT_STANDARD_LIBRARIES = YES;
				CODE_SIGN_STYLE = Automatic;
				CURRENT_PROJECT_VERSION = 1;
				GENERATE_INFOPLIST_FILE = YES;
				MARKETING_VERSION = 1.0;
				PRODUCT_BUNDLE_IDENTIFIER = via.LiSIGNUITests;
				PRODUCT_NAME = "$(TARGET_NAME)";
				SWIFT_EMIT_LOC_STRINGS = NO;
				SWIFT_VERSION = 5.0;
				TARGETED_DEVICE_FAMILY = "1,2";
				TEST_TARGET_NAME = LiSIGN;
			};
			name = Debug;
		};
		A461666128E2F5CA00F59461 /* Release */ = {
			isa = XCBuildConfiguration;
			buildSettings = {
				ALWAYS_EMBED_SWIFT_STANDARD_LIBRARIES = YES;
				CODE_SIGN_STYLE = Automatic;
				CURRENT_PROJECT_VERSION = 1;
				GENERATE_INFOPLIST_FILE = YES;
				MARKETING_VERSION = 1.0;
				PRODUCT_BUNDLE_IDENTIFIER = via.LiSIGNUITests;
				PRODUCT_NAME = "$(TARGET_NAME)";
				SWIFT_EMIT_LOC_STRINGS = NO;
				SWIFT_VERSION = 5.0;
				TARGETED_DEVICE_FAMILY = "1,2";
				TEST_TARGET_NAME = LiSIGN;
			};
			name = Release;
		};
/* End XCBuildConfiguration section */

/* Begin XCConfigurationList section */
		A461663028E2F5C800F59461 /* Build configuration list for PBXProject "LiSIGN" */ = {
			isa = XCConfigurationList;
			buildConfigurations = (
				A461665728E2F5CA00F59461 /* Debug */,
				A461665828E2F5CA00F59461 /* Release */,
			);
			defaultConfigurationIsVisible = 0;
			defaultConfigurationName = Release;
		};
		A461665928E2F5CA00F59461 /* Build configuration list for PBXNativeTarget "LiSIGN" */ = {
			isa = XCConfigurationList;
			buildConfigurations = (
				A461665A28E2F5CA00F59461 /* Debug */,
				A461665B28E2F5CA00F59461 /* Release */,
			);
			defaultConfigurationIsVisible = 0;
			defaultConfigurationName = Release;
		};
		A461665C28E2F5CA00F59461 /* Build configuration list for PBXNativeTarget "LiSIGNTests" */ = {
			isa = XCConfigurationList;
			buildConfigurations = (
				A461665D28E2F5CA00F59461 /* Debug */,
				A461665E28E2F5CA00F59461 /* Release */,
			);
			defaultConfigurationIsVisible = 0;
			defaultConfigurationName = Release;
		};
		A461665F28E2F5CA00F59461 /* Build configuration list for PBXNativeTarget "LiSIGNUITests" */ = {
			isa = XCConfigurationList;
			buildConfigurations = (
				A461666028E2F5CA00F59461 /* Debug */,
				A461666128E2F5CA00F59461 /* Release */,
			);
			defaultConfigurationIsVisible = 0;
			defaultConfigurationName = Release;
		};
/* End XCConfigurationList section */

/* Begin XCRemoteSwiftPackageReference section */
		A420A6582905BBA100193973 /* XCRemoteSwiftPackageReference "firebase-ios-sdk" */ = {
			isa = XCRemoteSwiftPackageReference;
			repositoryURL = "https://github.com/firebase/firebase-ios-sdk";
			requirement = {
				kind = upToNextMajorVersion;
				minimumVersion = 9.0.0;
			};
		};
/* End XCRemoteSwiftPackageReference section */

/* Begin XCSwiftPackageProductDependency section */
		A420A6592905BBA100193973 /* FirebaseAnalytics */ = {
			isa = XCSwiftPackageProductDependency;
			package = A420A6582905BBA100193973 /* XCRemoteSwiftPackageReference "firebase-ios-sdk" */;
			productName = FirebaseAnalytics;
		};
		A420A65B2905BBA100193973 /* FirebaseAnalyticsOnDeviceConversion */ = {
			isa = XCSwiftPackageProductDependency;
			package = A420A6582905BBA100193973 /* XCRemoteSwiftPackageReference "firebase-ios-sdk" */;
			productName = FirebaseAnalyticsOnDeviceConversion;
		};
		A420A65D2905BBA100193973 /* FirebaseAnalyticsSwift */ = {
			isa = XCSwiftPackageProductDependency;
			package = A420A6582905BBA100193973 /* XCRemoteSwiftPackageReference "firebase-ios-sdk" */;
			productName = FirebaseAnalyticsSwift;
		};
		A420A65F2905BBA100193973 /* FirebaseAnalyticsWithoutAdIdSupport */ = {
			isa = XCSwiftPackageProductDependency;
			package = A420A6582905BBA100193973 /* XCRemoteSwiftPackageReference "firebase-ios-sdk" */;
			productName = FirebaseAnalyticsWithoutAdIdSupport;
		};
		A420A6612905BBA100193973 /* FirebaseAppCheck */ = {
			isa = XCSwiftPackageProductDependency;
			package = A420A6582905BBA100193973 /* XCRemoteSwiftPackageReference "firebase-ios-sdk" */;
			productName = FirebaseAppCheck;
		};
		A420A6632905BBA100193973 /* FirebaseAppDistribution-Beta */ = {
			isa = XCSwiftPackageProductDependency;
			package = A420A6582905BBA100193973 /* XCRemoteSwiftPackageReference "firebase-ios-sdk" */;
			productName = "FirebaseAppDistribution-Beta";
		};
		A420A6652905BBA100193973 /* FirebaseAuth */ = {
			isa = XCSwiftPackageProductDependency;
			package = A420A6582905BBA100193973 /* XCRemoteSwiftPackageReference "firebase-ios-sdk" */;
			productName = FirebaseAuth;
		};
		A420A6672905BBA100193973 /* FirebaseAuthCombine-Community */ = {
			isa = XCSwiftPackageProductDependency;
			package = A420A6582905BBA100193973 /* XCRemoteSwiftPackageReference "firebase-ios-sdk" */;
			productName = "FirebaseAuthCombine-Community";
		};
		A420A6692905BBA100193973 /* FirebaseCrashlytics */ = {
			isa = XCSwiftPackageProductDependency;
			package = A420A6582905BBA100193973 /* XCRemoteSwiftPackageReference "firebase-ios-sdk" */;
			productName = FirebaseCrashlytics;
		};
		A420A66B2905BBA100193973 /* FirebaseDatabase */ = {
			isa = XCSwiftPackageProductDependency;
			package = A420A6582905BBA100193973 /* XCRemoteSwiftPackageReference "firebase-ios-sdk" */;
			productName = FirebaseDatabase;
		};
		A420A66D2905BBA100193973 /* FirebaseDatabaseSwift */ = {
			isa = XCSwiftPackageProductDependency;
			package = A420A6582905BBA100193973 /* XCRemoteSwiftPackageReference "firebase-ios-sdk" */;
			productName = FirebaseDatabaseSwift;
		};
		A420A66F2905BBA100193973 /* FirebaseDynamicLinks */ = {
			isa = XCSwiftPackageProductDependency;
			package = A420A6582905BBA100193973 /* XCRemoteSwiftPackageReference "firebase-ios-sdk" */;
			productName = FirebaseDynamicLinks;
		};
		A420A6712905BBA100193973 /* FirebaseFirestore */ = {
			isa = XCSwiftPackageProductDependency;
			package = A420A6582905BBA100193973 /* XCRemoteSwiftPackageReference "firebase-ios-sdk" */;
			productName = FirebaseFirestore;
		};
		A420A6732905BBA100193973 /* FirebaseFirestoreCombine-Community */ = {
			isa = XCSwiftPackageProductDependency;
			package = A420A6582905BBA100193973 /* XCRemoteSwiftPackageReference "firebase-ios-sdk" */;
			productName = "FirebaseFirestoreCombine-Community";
		};
		A420A6752905BBA100193973 /* FirebaseFirestoreSwift */ = {
			isa = XCSwiftPackageProductDependency;
			package = A420A6582905BBA100193973 /* XCRemoteSwiftPackageReference "firebase-ios-sdk" */;
			productName = FirebaseFirestoreSwift;
		};
		A420A6772905BBA100193973 /* FirebaseFunctions */ = {
			isa = XCSwiftPackageProductDependency;
			package = A420A6582905BBA100193973 /* XCRemoteSwiftPackageReference "firebase-ios-sdk" */;
			productName = FirebaseFunctions;
		};
		A420A6792905BBA100193973 /* FirebaseFunctionsCombine-Community */ = {
			isa = XCSwiftPackageProductDependency;
			package = A420A6582905BBA100193973 /* XCRemoteSwiftPackageReference "firebase-ios-sdk" */;
			productName = "FirebaseFunctionsCombine-Community";
		};
		A420A67B2905BBA100193973 /* FirebaseInAppMessaging-Beta */ = {
			isa = XCSwiftPackageProductDependency;
			package = A420A6582905BBA100193973 /* XCRemoteSwiftPackageReference "firebase-ios-sdk" */;
			productName = "FirebaseInAppMessaging-Beta";
		};
		A420A67D2905BBA100193973 /* FirebaseInAppMessagingSwift-Beta */ = {
			isa = XCSwiftPackageProductDependency;
			package = A420A6582905BBA100193973 /* XCRemoteSwiftPackageReference "firebase-ios-sdk" */;
			productName = "FirebaseInAppMessagingSwift-Beta";
		};
		A420A67F2905BBA100193973 /* FirebaseInstallations */ = {
			isa = XCSwiftPackageProductDependency;
			package = A420A6582905BBA100193973 /* XCRemoteSwiftPackageReference "firebase-ios-sdk" */;
			productName = FirebaseInstallations;
		};
		A420A6812905BBA100193973 /* FirebaseMLModelDownloader */ = {
			isa = XCSwiftPackageProductDependency;
			package = A420A6582905BBA100193973 /* XCRemoteSwiftPackageReference "firebase-ios-sdk" */;
			productName = FirebaseMLModelDownloader;
		};
		A420A6832905BBA100193973 /* FirebaseMessaging */ = {
			isa = XCSwiftPackageProductDependency;
			package = A420A6582905BBA100193973 /* XCRemoteSwiftPackageReference "firebase-ios-sdk" */;
			productName = FirebaseMessaging;
		};
		A420A6852905BBA100193973 /* FirebasePerformance */ = {
			isa = XCSwiftPackageProductDependency;
			package = A420A6582905BBA100193973 /* XCRemoteSwiftPackageReference "firebase-ios-sdk" */;
			productName = FirebasePerformance;
		};
		A420A6872905BBA100193973 /* FirebaseRemoteConfig */ = {
			isa = XCSwiftPackageProductDependency;
			package = A420A6582905BBA100193973 /* XCRemoteSwiftPackageReference "firebase-ios-sdk" */;
			productName = FirebaseRemoteConfig;
		};
		A420A6892905BBA100193973 /* FirebaseRemoteConfigSwift */ = {
			isa = XCSwiftPackageProductDependency;
			package = A420A6582905BBA100193973 /* XCRemoteSwiftPackageReference "firebase-ios-sdk" */;
			productName = FirebaseRemoteConfigSwift;
		};
		A420A68B2905BBA100193973 /* FirebaseStorage */ = {
			isa = XCSwiftPackageProductDependency;
			package = A420A6582905BBA100193973 /* XCRemoteSwiftPackageReference "firebase-ios-sdk" */;
			productName = FirebaseStorage;
		};
		A420A68D2905BBA100193973 /* FirebaseStorageCombine-Community */ = {
			isa = XCSwiftPackageProductDependency;
			package = A420A6582905BBA100193973 /* XCRemoteSwiftPackageReference "firebase-ios-sdk" */;
			productName = "FirebaseStorageCombine-Community";
		};
/* End XCSwiftPackageProductDependency section */
	};
	rootObject = A461662D28E2F5C800F59461 /* Project object */;
}
