// !$*UTF8*$!
{
	archiveVersion = 1;
	classes = {
	};
	objectVersion = 55;
	objects = {

/* Begin PBXBuildFile section */
		2F37678628FB23DE000050FE /* ProductCard.swift in Sources */ = {isa = PBXBuildFile; fileRef = 2F37678528FB23DE000050FE /* ProductCard.swift */; };
		2F5F5EAC28F0309F00C56C6D /* FirebaseAnalytics in Frameworks */ = {isa = PBXBuildFile; productRef = 2F5F5EAB28F0309F00C56C6D /* FirebaseAnalytics */; };
		2F5F5EAE28F0309F00C56C6D /* FirebaseAnalyticsOnDeviceConversion in Frameworks */ = {isa = PBXBuildFile; productRef = 2F5F5EAD28F0309F00C56C6D /* FirebaseAnalyticsOnDeviceConversion */; };
		2F5F5EB028F0309F00C56C6D /* FirebaseAnalyticsSwift in Frameworks */ = {isa = PBXBuildFile; productRef = 2F5F5EAF28F0309F00C56C6D /* FirebaseAnalyticsSwift */; };
		2F5F5EB228F0309F00C56C6D /* FirebaseAnalyticsWithoutAdIdSupport in Frameworks */ = {isa = PBXBuildFile; productRef = 2F5F5EB128F0309F00C56C6D /* FirebaseAnalyticsWithoutAdIdSupport */; };
		2F5F5EB428F0309F00C56C6D /* FirebaseAppCheck in Frameworks */ = {isa = PBXBuildFile; productRef = 2F5F5EB328F0309F00C56C6D /* FirebaseAppCheck */; };
		2F5F5EB628F0309F00C56C6D /* FirebaseAppDistribution-Beta in Frameworks */ = {isa = PBXBuildFile; productRef = 2F5F5EB528F0309F00C56C6D /* FirebaseAppDistribution-Beta */; };
		2F5F5EB828F0309F00C56C6D /* FirebaseAuth in Frameworks */ = {isa = PBXBuildFile; productRef = 2F5F5EB728F0309F00C56C6D /* FirebaseAuth */; };
		2F5F5EBA28F0309F00C56C6D /* FirebaseAuthCombine-Community in Frameworks */ = {isa = PBXBuildFile; productRef = 2F5F5EB928F0309F00C56C6D /* FirebaseAuthCombine-Community */; };
		2F5F5EBC28F0309F00C56C6D /* FirebaseCrashlytics in Frameworks */ = {isa = PBXBuildFile; productRef = 2F5F5EBB28F0309F00C56C6D /* FirebaseCrashlytics */; };
		2F5F5EBE28F0309F00C56C6D /* FirebaseDatabase in Frameworks */ = {isa = PBXBuildFile; productRef = 2F5F5EBD28F0309F00C56C6D /* FirebaseDatabase */; };
		2F5F5EC028F0309F00C56C6D /* FirebaseDatabaseSwift in Frameworks */ = {isa = PBXBuildFile; productRef = 2F5F5EBF28F0309F00C56C6D /* FirebaseDatabaseSwift */; };
		2F5F5EC228F0309F00C56C6D /* FirebaseDynamicLinks in Frameworks */ = {isa = PBXBuildFile; productRef = 2F5F5EC128F0309F00C56C6D /* FirebaseDynamicLinks */; };
		2F5F5EC428F0309F00C56C6D /* FirebaseFirestore in Frameworks */ = {isa = PBXBuildFile; productRef = 2F5F5EC328F0309F00C56C6D /* FirebaseFirestore */; };
		2F5F5EC628F0309F00C56C6D /* FirebaseFirestoreCombine-Community in Frameworks */ = {isa = PBXBuildFile; productRef = 2F5F5EC528F0309F00C56C6D /* FirebaseFirestoreCombine-Community */; };
		2F5F5EC828F0309F00C56C6D /* FirebaseFirestoreSwift in Frameworks */ = {isa = PBXBuildFile; productRef = 2F5F5EC728F0309F00C56C6D /* FirebaseFirestoreSwift */; };
		2F5F5ECA28F0309F00C56C6D /* FirebaseFunctions in Frameworks */ = {isa = PBXBuildFile; productRef = 2F5F5EC928F0309F00C56C6D /* FirebaseFunctions */; };
		2F5F5ECC28F0309F00C56C6D /* FirebaseFunctionsCombine-Community in Frameworks */ = {isa = PBXBuildFile; productRef = 2F5F5ECB28F0309F00C56C6D /* FirebaseFunctionsCombine-Community */; };
		2F5F5ECE28F0309F00C56C6D /* FirebaseInAppMessaging-Beta in Frameworks */ = {isa = PBXBuildFile; productRef = 2F5F5ECD28F0309F00C56C6D /* FirebaseInAppMessaging-Beta */; };
		2F5F5ED028F0309F00C56C6D /* FirebaseInAppMessagingSwift-Beta in Frameworks */ = {isa = PBXBuildFile; productRef = 2F5F5ECF28F0309F00C56C6D /* FirebaseInAppMessagingSwift-Beta */; };
		2F5F5ED228F0309F00C56C6D /* FirebaseInstallations in Frameworks */ = {isa = PBXBuildFile; productRef = 2F5F5ED128F0309F00C56C6D /* FirebaseInstallations */; };
		2F5F5ED428F0309F00C56C6D /* FirebaseMLModelDownloader in Frameworks */ = {isa = PBXBuildFile; productRef = 2F5F5ED328F0309F00C56C6D /* FirebaseMLModelDownloader */; };
		2F5F5ED628F0309F00C56C6D /* FirebaseMessaging in Frameworks */ = {isa = PBXBuildFile; productRef = 2F5F5ED528F0309F00C56C6D /* FirebaseMessaging */; };
		2F5F5ED828F0309F00C56C6D /* FirebasePerformance in Frameworks */ = {isa = PBXBuildFile; productRef = 2F5F5ED728F0309F00C56C6D /* FirebasePerformance */; };
		2F5F5EDA28F0309F00C56C6D /* FirebaseRemoteConfig in Frameworks */ = {isa = PBXBuildFile; productRef = 2F5F5ED928F0309F00C56C6D /* FirebaseRemoteConfig */; };
		2F5F5EDC28F0309F00C56C6D /* FirebaseRemoteConfigSwift in Frameworks */ = {isa = PBXBuildFile; productRef = 2F5F5EDB28F0309F00C56C6D /* FirebaseRemoteConfigSwift */; };
		2F5F5EDE28F0309F00C56C6D /* FirebaseStorage in Frameworks */ = {isa = PBXBuildFile; productRef = 2F5F5EDD28F0309F00C56C6D /* FirebaseStorage */; };
		2F5F5EE028F0309F00C56C6D /* FirebaseStorageCombine-Community in Frameworks */ = {isa = PBXBuildFile; productRef = 2F5F5EDF28F0309F00C56C6D /* FirebaseStorageCombine-Community */; };
		2F5F5EE328F1BCB500C56C6D /* TabBarItem.swift in Sources */ = {isa = PBXBuildFile; fileRef = 2F5F5EE228F1BCB500C56C6D /* TabBarItem.swift */; };
		2F6257AD2901469E002E9832 /* AddButton.swift in Sources */ = {isa = PBXBuildFile; fileRef = 2F6257AC2901469E002E9832 /* AddButton.swift */; };
		2F6257AF290147FE002E9832 /* SearchBar.swift in Sources */ = {isa = PBXBuildFile; fileRef = 2F6257AE290147FE002E9832 /* SearchBar.swift */; };
		2F6257C829094085002E9832 /* RoomScanViewModel.swift in Sources */ = {isa = PBXBuildFile; fileRef = 2F6257C729094085002E9832 /* RoomScanViewModel.swift */; };
		2F76CBE728ED925600ED7F9C /* HomePage.swift in Sources */ = {isa = PBXBuildFile; fileRef = 2F76CBE628ED925600ED7F9C /* HomePage.swift */; };
		2F76CBE928ED94B400ED7F9C /* RoomsView.swift in Sources */ = {isa = PBXBuildFile; fileRef = 2F76CBE828ED94B400ED7F9C /* RoomsView.swift */; };
		2F76CBEB28ED94C500ED7F9C /* MarketPlaceView.swift in Sources */ = {isa = PBXBuildFile; fileRef = 2F76CBEA28ED94C500ED7F9C /* MarketPlaceView.swift */; };
		2F76CBEE28EDA5D600ED7F9C /* AppTabBarView.swift in Sources */ = {isa = PBXBuildFile; fileRef = 2F76CBED28EDA5D600ED7F9C /* AppTabBarView.swift */; };
		2F76CBF028EDB18700ED7F9C /* CustomTabBarView.swift in Sources */ = {isa = PBXBuildFile; fileRef = 2F76CBEF28EDB18700ED7F9C /* CustomTabBarView.swift */; };
		2F76CBF228EDBA2300ED7F9C /* CustomTabBarContainerView.swift in Sources */ = {isa = PBXBuildFile; fileRef = 2F76CBF128EDBA2300ED7F9C /* CustomTabBarContainerView.swift */; };
		2F76CBF428EDD8DB00ED7F9C /* TabBarItemsPreferenceKey.swift in Sources */ = {isa = PBXBuildFile; fileRef = 2F76CBF328EDD8DB00ED7F9C /* TabBarItemsPreferenceKey.swift */; };
		2F9B008029200D5B00208E67 /* RoomModel.swift in Sources */ = {isa = PBXBuildFile; fileRef = 2F9B007F29200D5B00208E67 /* RoomModel.swift */; };
		2FA57FDD29151E3D00D8D4AF /* FocusEntity in Frameworks */ = {isa = PBXBuildFile; productRef = 2FA57FDC29151E3D00D8D4AF /* FocusEntity */; };
		2FA57FE1291533A800D8D4AF /* ViewController_CoachingOverlay.swift in Sources */ = {isa = PBXBuildFile; fileRef = 2FA57FE0291533A800D8D4AF /* ViewController_CoachingOverlay.swift */; };
		2FB8A661291E68130044D2A5 /* Extensions.swift in Sources */ = {isa = PBXBuildFile; fileRef = 2FB8A660291E68130044D2A5 /* Extensions.swift */; };
		2FB8A664291E68EA0044D2A5 /* RoundedButton.swift in Sources */ = {isa = PBXBuildFile; fileRef = 2FB8A663291E68EA0044D2A5 /* RoundedButton.swift */; };
		2FB8A666291E77120044D2A5 /* ScanRoomView.storyboard in Resources */ = {isa = PBXBuildFile; fileRef = 2FB8A665291E77120044D2A5 /* ScanRoomView.storyboard */; };
		A461663928E2F5C800F59461 /* LiSIGNApp.swift in Sources */ = {isa = PBXBuildFile; fileRef = A461663828E2F5C800F59461 /* LiSIGNApp.swift */; };
		A461663B28E2F5C800F59461 /* ContentView.swift in Sources */ = {isa = PBXBuildFile; fileRef = A461663A28E2F5C800F59461 /* ContentView.swift */; };
		A461663D28E2F5CA00F59461 /* Assets.xcassets in Resources */ = {isa = PBXBuildFile; fileRef = A461663C28E2F5CA00F59461 /* Assets.xcassets */; };
		A461664028E2F5CA00F59461 /* Preview Assets.xcassets in Resources */ = {isa = PBXBuildFile; fileRef = A461663F28E2F5CA00F59461 /* Preview Assets.xcassets */; };
		A461664A28E2F5CA00F59461 /* LiSIGNTests.swift in Sources */ = {isa = PBXBuildFile; fileRef = A461664928E2F5CA00F59461 /* LiSIGNTests.swift */; };
		A461665428E2F5CA00F59461 /* LiSIGNUITests.swift in Sources */ = {isa = PBXBuildFile; fileRef = A461665328E2F5CA00F59461 /* LiSIGNUITests.swift */; };
		A461665628E2F5CA00F59461 /* LiSIGNUITestsLaunchTests.swift in Sources */ = {isa = PBXBuildFile; fileRef = A461665528E2F5CA00F59461 /* LiSIGNUITestsLaunchTests.swift */; };
		A4F171A328E306A0006BE5B1 /* LoginPageModel.swift in Sources */ = {isa = PBXBuildFile; fileRef = A4F171A228E306A0006BE5B1 /* LoginPageModel.swift */; };
		A4F171A628E306D4006BE5B1 /* Fonts in Resources */ = {isa = PBXBuildFile; fileRef = A4F171A528E306D4006BE5B1 /* Fonts */; };
		A4F171A828E306EE006BE5B1 /* CustomCorners.swift in Sources */ = {isa = PBXBuildFile; fileRef = A4F171A728E306EE006BE5B1 /* CustomCorners.swift */; };
		A4F171AA28E306F6006BE5B1 /* LoginPage.swift in Sources */ = {isa = PBXBuildFile; fileRef = A4F171A928E306F6006BE5B1 /* LoginPage.swift */; };
		A4F171AC28E306FF006BE5B1 /* OnBoardingPage.swift in Sources */ = {isa = PBXBuildFile; fileRef = A4F171AB28E306FF006BE5B1 /* OnBoardingPage.swift */; };
		A4F171AE28E30710006BE5B1 /* bad3.png in Resources */ = {isa = PBXBuildFile; fileRef = A4F171AD28E30710006BE5B1 /* bad3.png */; };
/* End PBXBuildFile section */

/* Begin PBXContainerItemProxy section */
		A461664628E2F5CA00F59461 /* PBXContainerItemProxy */ = {
			isa = PBXContainerItemProxy;
			containerPortal = A461662D28E2F5C800F59461 /* Project object */;
			proxyType = 1;
			remoteGlobalIDString = A461663428E2F5C800F59461;
			remoteInfo = LiSIGN;
		};
		A461665028E2F5CA00F59461 /* PBXContainerItemProxy */ = {
			isa = PBXContainerItemProxy;
			containerPortal = A461662D28E2F5C800F59461 /* Project object */;
			proxyType = 1;
			remoteGlobalIDString = A461663428E2F5C800F59461;
			remoteInfo = LiSIGN;
		};
/* End PBXContainerItemProxy section */

/* Begin PBXFileReference section */
		2F37678528FB23DE000050FE /* ProductCard.swift */ = {isa = PBXFileReference; lastKnownFileType = sourcecode.swift; path = ProductCard.swift; sourceTree = "<group>"; };
		2F5F5EE228F1BCB500C56C6D /* TabBarItem.swift */ = {isa = PBXFileReference; lastKnownFileType = sourcecode.swift; path = TabBarItem.swift; sourceTree = "<group>"; };
		2F6257AC2901469E002E9832 /* AddButton.swift */ = {isa = PBXFileReference; lastKnownFileType = sourcecode.swift; path = AddButton.swift; sourceTree = "<group>"; };
		2F6257AE290147FE002E9832 /* SearchBar.swift */ = {isa = PBXFileReference; lastKnownFileType = sourcecode.swift; path = SearchBar.swift; sourceTree = "<group>"; };
		2F6257C729094085002E9832 /* RoomScanViewModel.swift */ = {isa = PBXFileReference; lastKnownFileType = sourcecode.swift; path = RoomScanViewModel.swift; sourceTree = "<group>"; };
		2F76CBE628ED925600ED7F9C /* HomePage.swift */ = {isa = PBXFileReference; lastKnownFileType = sourcecode.swift; path = HomePage.swift; sourceTree = "<group>"; };
		2F76CBE828ED94B400ED7F9C /* RoomsView.swift */ = {isa = PBXFileReference; lastKnownFileType = sourcecode.swift; path = RoomsView.swift; sourceTree = "<group>"; };
		2F76CBEA28ED94C500ED7F9C /* MarketPlaceView.swift */ = {isa = PBXFileReference; lastKnownFileType = sourcecode.swift; path = MarketPlaceView.swift; sourceTree = "<group>"; };
		2F76CBED28EDA5D600ED7F9C /* AppTabBarView.swift */ = {isa = PBXFileReference; lastKnownFileType = sourcecode.swift; path = AppTabBarView.swift; sourceTree = "<group>"; };
		2F76CBEF28EDB18700ED7F9C /* CustomTabBarView.swift */ = {isa = PBXFileReference; lastKnownFileType = sourcecode.swift; path = CustomTabBarView.swift; sourceTree = "<group>"; };
		2F76CBF128EDBA2300ED7F9C /* CustomTabBarContainerView.swift */ = {isa = PBXFileReference; lastKnownFileType = sourcecode.swift; path = CustomTabBarContainerView.swift; sourceTree = "<group>"; };
		2F76CBF328EDD8DB00ED7F9C /* TabBarItemsPreferenceKey.swift */ = {isa = PBXFileReference; lastKnownFileType = sourcecode.swift; path = TabBarItemsPreferenceKey.swift; sourceTree = "<group>"; };
		2F9B007F29200D5B00208E67 /* RoomModel.swift */ = {isa = PBXFileReference; lastKnownFileType = sourcecode.swift; path = RoomModel.swift; sourceTree = "<group>"; };
		2FA57FE0291533A800D8D4AF /* ViewController_CoachingOverlay.swift */ = {isa = PBXFileReference; lastKnownFileType = sourcecode.swift; path = ViewController_CoachingOverlay.swift; sourceTree = "<group>"; };
		2FB8A660291E68130044D2A5 /* Extensions.swift */ = {isa = PBXFileReference; lastKnownFileType = sourcecode.swift; path = Extensions.swift; sourceTree = "<group>"; };
		2FB8A663291E68EA0044D2A5 /* RoundedButton.swift */ = {isa = PBXFileReference; lastKnownFileType = sourcecode.swift; path = RoundedButton.swift; sourceTree = "<group>"; };
		2FB8A665291E77120044D2A5 /* ScanRoomView.storyboard */ = {isa = PBXFileReference; lastKnownFileType = file.storyboard; path = ScanRoomView.storyboard; sourceTree = "<group>"; };
		A461663528E2F5C800F59461 /* LiSIGN.app */ = {isa = PBXFileReference; explicitFileType = wrapper.application; includeInIndex = 0; path = LiSIGN.app; sourceTree = BUILT_PRODUCTS_DIR; };
		A461663828E2F5C800F59461 /* LiSIGNApp.swift */ = {isa = PBXFileReference; lastKnownFileType = sourcecode.swift; path = LiSIGNApp.swift; sourceTree = "<group>"; };
		A461663A28E2F5C800F59461 /* ContentView.swift */ = {isa = PBXFileReference; lastKnownFileType = sourcecode.swift; path = ContentView.swift; sourceTree = "<group>"; };
		A461663C28E2F5CA00F59461 /* Assets.xcassets */ = {isa = PBXFileReference; lastKnownFileType = folder.assetcatalog; path = Assets.xcassets; sourceTree = "<group>"; };
		A461663F28E2F5CA00F59461 /* Preview Assets.xcassets */ = {isa = PBXFileReference; lastKnownFileType = folder.assetcatalog; path = "Preview Assets.xcassets"; sourceTree = "<group>"; };
		A461664528E2F5CA00F59461 /* LiSIGNTests.xctest */ = {isa = PBXFileReference; explicitFileType = wrapper.cfbundle; includeInIndex = 0; path = LiSIGNTests.xctest; sourceTree = BUILT_PRODUCTS_DIR; };
		A461664928E2F5CA00F59461 /* LiSIGNTests.swift */ = {isa = PBXFileReference; lastKnownFileType = sourcecode.swift; path = LiSIGNTests.swift; sourceTree = "<group>"; };
		A461664F28E2F5CA00F59461 /* LiSIGNUITests.xctest */ = {isa = PBXFileReference; explicitFileType = wrapper.cfbundle; includeInIndex = 0; path = LiSIGNUITests.xctest; sourceTree = BUILT_PRODUCTS_DIR; };
		A461665328E2F5CA00F59461 /* LiSIGNUITests.swift */ = {isa = PBXFileReference; lastKnownFileType = sourcecode.swift; path = LiSIGNUITests.swift; sourceTree = "<group>"; };
		A461665528E2F5CA00F59461 /* LiSIGNUITestsLaunchTests.swift */ = {isa = PBXFileReference; lastKnownFileType = sourcecode.swift; path = LiSIGNUITestsLaunchTests.swift; sourceTree = "<group>"; };
		A4F171A228E306A0006BE5B1 /* LoginPageModel.swift */ = {isa = PBXFileReference; lastKnownFileType = sourcecode.swift; path = LoginPageModel.swift; sourceTree = "<group>"; };
		A4F171A528E306D4006BE5B1 /* Fonts */ = {isa = PBXFileReference; lastKnownFileType = folder; path = Fonts; sourceTree = "<group>"; };
		A4F171A728E306EE006BE5B1 /* CustomCorners.swift */ = {isa = PBXFileReference; fileEncoding = 4; lastKnownFileType = sourcecode.swift; path = CustomCorners.swift; sourceTree = "<group>"; };
		A4F171A928E306F6006BE5B1 /* LoginPage.swift */ = {isa = PBXFileReference; fileEncoding = 4; lastKnownFileType = sourcecode.swift; path = LoginPage.swift; sourceTree = "<group>"; };
		A4F171AB28E306FF006BE5B1 /* OnBoardingPage.swift */ = {isa = PBXFileReference; fileEncoding = 4; lastKnownFileType = sourcecode.swift; path = OnBoardingPage.swift; sourceTree = "<group>"; };
		A4F171AD28E30710006BE5B1 /* bad3.png */ = {isa = PBXFileReference; lastKnownFileType = image.png; path = bad3.png; sourceTree = "<group>"; };
/* End PBXFileReference section */

/* Begin PBXFrameworksBuildPhase section */
		A461663228E2F5C800F59461 /* Frameworks */ = {
			isa = PBXFrameworksBuildPhase;
			buildActionMask = 2147483647;
			files = (
				2F5F5EBE28F0309F00C56C6D /* FirebaseDatabase in Frameworks */,
				2F5F5ECC28F0309F00C56C6D /* FirebaseFunctionsCombine-Community in Frameworks */,
				2F5F5EC428F0309F00C56C6D /* FirebaseFirestore in Frameworks */,
				2F5F5EB028F0309F00C56C6D /* FirebaseAnalyticsSwift in Frameworks */,
				2F5F5EAC28F0309F00C56C6D /* FirebaseAnalytics in Frameworks */,
				2F5F5EAE28F0309F00C56C6D /* FirebaseAnalyticsOnDeviceConversion in Frameworks */,
				2F5F5ED428F0309F00C56C6D /* FirebaseMLModelDownloader in Frameworks */,
				2F5F5EC828F0309F00C56C6D /* FirebaseFirestoreSwift in Frameworks */,
				2F5F5EB428F0309F00C56C6D /* FirebaseAppCheck in Frameworks */,
				2F5F5EB228F0309F00C56C6D /* FirebaseAnalyticsWithoutAdIdSupport in Frameworks */,
				2F5F5EB828F0309F00C56C6D /* FirebaseAuth in Frameworks */,
				2F5F5EBC28F0309F00C56C6D /* FirebaseCrashlytics in Frameworks */,
				2F5F5EDC28F0309F00C56C6D /* FirebaseRemoteConfigSwift in Frameworks */,
				2F5F5ECE28F0309F00C56C6D /* FirebaseInAppMessaging-Beta in Frameworks */,
				2F5F5EC028F0309F00C56C6D /* FirebaseDatabaseSwift in Frameworks */,
				2F5F5ECA28F0309F00C56C6D /* FirebaseFunctions in Frameworks */,
				2FA57FDD29151E3D00D8D4AF /* FocusEntity in Frameworks */,
				2F5F5EE028F0309F00C56C6D /* FirebaseStorageCombine-Community in Frameworks */,
				2F5F5EDA28F0309F00C56C6D /* FirebaseRemoteConfig in Frameworks */,
				2F5F5EB628F0309F00C56C6D /* FirebaseAppDistribution-Beta in Frameworks */,
				2F5F5EBA28F0309F00C56C6D /* FirebaseAuthCombine-Community in Frameworks */,
				2F5F5ED828F0309F00C56C6D /* FirebasePerformance in Frameworks */,
				2F5F5ED028F0309F00C56C6D /* FirebaseInAppMessagingSwift-Beta in Frameworks */,
				2F5F5EDE28F0309F00C56C6D /* FirebaseStorage in Frameworks */,
				2F5F5EC228F0309F00C56C6D /* FirebaseDynamicLinks in Frameworks */,
				2F5F5EC628F0309F00C56C6D /* FirebaseFirestoreCombine-Community in Frameworks */,
				2F5F5ED628F0309F00C56C6D /* FirebaseMessaging in Frameworks */,
				2F5F5ED228F0309F00C56C6D /* FirebaseInstallations in Frameworks */,
			);
			runOnlyForDeploymentPostprocessing = 0;
		};
		A461664228E2F5CA00F59461 /* Frameworks */ = {
			isa = PBXFrameworksBuildPhase;
			buildActionMask = 2147483647;
			files = (
			);
			runOnlyForDeploymentPostprocessing = 0;
		};
		A461664C28E2F5CA00F59461 /* Frameworks */ = {
			isa = PBXFrameworksBuildPhase;
			buildActionMask = 2147483647;
			files = (
			);
			runOnlyForDeploymentPostprocessing = 0;
		};
/* End PBXFrameworksBuildPhase section */

/* Begin PBXGroup section */
		2F37678428FB23C3000050FE /* shared */ = {
			isa = PBXGroup;
			children = (
				A4F171A728E306EE006BE5B1 /* CustomCorners.swift */,
				2F37678528FB23DE000050FE /* ProductCard.swift */,
				2F6257AC2901469E002E9832 /* AddButton.swift */,
				2F6257AE290147FE002E9832 /* SearchBar.swift */,
			);
			path = shared;
			sourceTree = "<group>";
		};
		2F6257AB290098DC002E9832 /* Pages */ = {
			isa = PBXGroup;
			children = (
				2FB8A662291E68A40044D2A5 /* ScanRoomView */,
				2F76CBE628ED925600ED7F9C /* HomePage.swift */,
				2F76CBE828ED94B400ED7F9C /* RoomsView.swift */,
				2F76CBEA28ED94C500ED7F9C /* MarketPlaceView.swift */,
			);
			path = Pages;
			sourceTree = "<group>";
		};
		2F76CBEC28EDA52E00ED7F9C /* CustomTabBar */ = {
			isa = PBXGroup;
			children = (
				2F76CBED28EDA5D600ED7F9C /* AppTabBarView.swift */,
				2F76CBEF28EDB18700ED7F9C /* CustomTabBarView.swift */,
				2F76CBF128EDBA2300ED7F9C /* CustomTabBarContainerView.swift */,
				2F76CBF328EDD8DB00ED7F9C /* TabBarItemsPreferenceKey.swift */,
				2F5F5EE228F1BCB500C56C6D /* TabBarItem.swift */,
			);
			path = CustomTabBar;
			sourceTree = "<group>";
		};
		2FB8A662291E68A40044D2A5 /* ScanRoomView */ = {
			isa = PBXGroup;
			children = (
				2FB8A665291E77120044D2A5 /* ScanRoomView.storyboard */,
			);
			path = ScanRoomView;
			sourceTree = "<group>";
		};
		A461662C28E2F5C800F59461 = {
			isa = PBXGroup;
			children = (
				A461663728E2F5C800F59461 /* LiSIGN */,
				A461664828E2F5CA00F59461 /* LiSIGNTests */,
				A461665228E2F5CA00F59461 /* LiSIGNUITests */,
				A461663628E2F5C800F59461 /* Products */,
			);
			sourceTree = "<group>";
		};
		A461663628E2F5C800F59461 /* Products */ = {
			isa = PBXGroup;
			children = (
				A461663528E2F5C800F59461 /* LiSIGN.app */,
				A461664528E2F5CA00F59461 /* LiSIGNTests.xctest */,
				A461664F28E2F5CA00F59461 /* LiSIGNUITests.xctest */,
			);
			name = Products;
			sourceTree = "<group>";
		};
		A461663728E2F5C800F59461 /* LiSIGN */ = {
			isa = PBXGroup;
			children = (
				2F9B007F29200D5B00208E67 /* RoomModel.swift */,
				A4F171A528E306D4006BE5B1 /* Fonts */,
				A4F171A428E306C4006BE5B1 /* View */,
				A4F171A128E3066E006BE5B1 /* ViewModel */,
				A461663828E2F5C800F59461 /* LiSIGNApp.swift */,
				A461663A28E2F5C800F59461 /* ContentView.swift */,
				A461663E28E2F5CA00F59461 /* Preview Content */,
			);
			path = LiSIGN;
			sourceTree = "<group>";
		};
		A461663E28E2F5CA00F59461 /* Preview Content */ = {
			isa = PBXGroup;
			children = (
				A461663F28E2F5CA00F59461 /* Preview Assets.xcassets */,
				A4F171AD28E30710006BE5B1 /* bad3.png */,
			);
			path = "Preview Content";
			sourceTree = "<group>";
		};
		A461664828E2F5CA00F59461 /* LiSIGNTests */ = {
			isa = PBXGroup;
			children = (
				A461664928E2F5CA00F59461 /* LiSIGNTests.swift */,
			);
			path = LiSIGNTests;
			sourceTree = "<group>";
		};
		A461665228E2F5CA00F59461 /* LiSIGNUITests */ = {
			isa = PBXGroup;
			children = (
				A461663C28E2F5CA00F59461 /* Assets.xcassets */,
				A461665328E2F5CA00F59461 /* LiSIGNUITests.swift */,
				A461665528E2F5CA00F59461 /* LiSIGNUITestsLaunchTests.swift */,
			);
			path = LiSIGNUITests;
			sourceTree = "<group>";
		};
		A4F171A128E3066E006BE5B1 /* ViewModel */ = {
			isa = PBXGroup;
			children = (
				2FB8A663291E68EA0044D2A5 /* RoundedButton.swift */,
				A4F171A228E306A0006BE5B1 /* LoginPageModel.swift */,
				2F6257C729094085002E9832 /* RoomScanViewModel.swift */,
				2FA57FE0291533A800D8D4AF /* ViewController_CoachingOverlay.swift */,
				2FB8A660291E68130044D2A5 /* Extensions.swift */,
			);
			path = ViewModel;
			sourceTree = "<group>";
		};
		A4F171A428E306C4006BE5B1 /* View */ = {
			isa = PBXGroup;
			children = (
				2F6257AB290098DC002E9832 /* Pages */,
				2F37678428FB23C3000050FE /* shared */,
				2F76CBEC28EDA52E00ED7F9C /* CustomTabBar */,
				A4F171AB28E306FF006BE5B1 /* OnBoardingPage.swift */,
				A4F171A928E306F6006BE5B1 /* LoginPage.swift */,
			);
			path = View;
			sourceTree = "<group>";
		};
/* End PBXGroup section */

/* Begin PBXNativeTarget section */
		A461663428E2F5C800F59461 /* LiSIGN */ = {
			isa = PBXNativeTarget;
			buildConfigurationList = A461665928E2F5CA00F59461 /* Build configuration list for PBXNativeTarget "LiSIGN" */;
			buildPhases = (
				A461663128E2F5C800F59461 /* Sources */,
				A461663228E2F5C800F59461 /* Frameworks */,
				A461663328E2F5C800F59461 /* Resources */,
			);
			buildRules = (
			);
			dependencies = (
			);
			name = LiSIGN;
			packageProductDependencies = (
				2F5F5EAB28F0309F00C56C6D /* FirebaseAnalytics */,
				2F5F5EAD28F0309F00C56C6D /* FirebaseAnalyticsOnDeviceConversion */,
				2F5F5EAF28F0309F00C56C6D /* FirebaseAnalyticsSwift */,
				2F5F5EB128F0309F00C56C6D /* FirebaseAnalyticsWithoutAdIdSupport */,
				2F5F5EB328F0309F00C56C6D /* FirebaseAppCheck */,
				2F5F5EB528F0309F00C56C6D /* FirebaseAppDistribution-Beta */,
				2F5F5EB728F0309F00C56C6D /* FirebaseAuth */,
				2F5F5EB928F0309F00C56C6D /* FirebaseAuthCombine-Community */,
				2F5F5EBB28F0309F00C56C6D /* FirebaseCrashlytics */,
				2F5F5EBD28F0309F00C56C6D /* FirebaseDatabase */,
				2F5F5EBF28F0309F00C56C6D /* FirebaseDatabaseSwift */,
				2F5F5EC128F0309F00C56C6D /* FirebaseDynamicLinks */,
				2F5F5EC328F0309F00C56C6D /* FirebaseFirestore */,
				2F5F5EC528F0309F00C56C6D /* FirebaseFirestoreCombine-Community */,
				2F5F5EC728F0309F00C56C6D /* FirebaseFirestoreSwift */,
				2F5F5EC928F0309F00C56C6D /* FirebaseFunctions */,
				2F5F5ECB28F0309F00C56C6D /* FirebaseFunctionsCombine-Community */,
				2F5F5ECD28F0309F00C56C6D /* FirebaseInAppMessaging-Beta */,
				2F5F5ECF28F0309F00C56C6D /* FirebaseInAppMessagingSwift-Beta */,
				2F5F5ED128F0309F00C56C6D /* FirebaseInstallations */,
				2F5F5ED328F0309F00C56C6D /* FirebaseMLModelDownloader */,
				2F5F5ED528F0309F00C56C6D /* FirebaseMessaging */,
				2F5F5ED728F0309F00C56C6D /* FirebasePerformance */,
				2F5F5ED928F0309F00C56C6D /* FirebaseRemoteConfig */,
				2F5F5EDB28F0309F00C56C6D /* FirebaseRemoteConfigSwift */,
				2F5F5EDD28F0309F00C56C6D /* FirebaseStorage */,
				2F5F5EDF28F0309F00C56C6D /* FirebaseStorageCombine-Community */,
				2FA57FDC29151E3D00D8D4AF /* FocusEntity */,
			);
			productName = LiSIGN;
			productReference = A461663528E2F5C800F59461 /* LiSIGN.app */;
			productType = "com.apple.product-type.application";
		};
		A461664428E2F5CA00F59461 /* LiSIGNTests */ = {
			isa = PBXNativeTarget;
			buildConfigurationList = A461665C28E2F5CA00F59461 /* Build configuration list for PBXNativeTarget "LiSIGNTests" */;
			buildPhases = (
				A461664128E2F5CA00F59461 /* Sources */,
				A461664228E2F5CA00F59461 /* Frameworks */,
				A461664328E2F5CA00F59461 /* Resources */,
			);
			buildRules = (
			);
			dependencies = (
				A461664728E2F5CA00F59461 /* PBXTargetDependency */,
			);
			name = LiSIGNTests;
			productName = LiSIGNTests;
			productReference = A461664528E2F5CA00F59461 /* LiSIGNTests.xctest */;
			productType = "com.apple.product-type.bundle.unit-test";
		};
		A461664E28E2F5CA00F59461 /* LiSIGNUITests */ = {
			isa = PBXNativeTarget;
			buildConfigurationList = A461665F28E2F5CA00F59461 /* Build configuration list for PBXNativeTarget "LiSIGNUITests" */;
			buildPhases = (
				A461664B28E2F5CA00F59461 /* Sources */,
				A461664C28E2F5CA00F59461 /* Frameworks */,
				A461664D28E2F5CA00F59461 /* Resources */,
			);
			buildRules = (
			);
			dependencies = (
				A461665128E2F5CA00F59461 /* PBXTargetDependency */,
			);
			name = LiSIGNUITests;
			productName = LiSIGNUITests;
			productReference = A461664F28E2F5CA00F59461 /* LiSIGNUITests.xctest */;
			productType = "com.apple.product-type.bundle.ui-testing";
		};
/* End PBXNativeTarget section */

/* Begin PBXProject section */
		A461662D28E2F5C800F59461 /* Project object */ = {
			isa = PBXProject;
			attributes = {
				BuildIndependentTargetsInParallel = 1;
				LastSwiftUpdateCheck = 1340;
				LastUpgradeCheck = 1340;
				TargetAttributes = {
					A461663428E2F5C800F59461 = {
						CreatedOnToolsVersion = 13.4.1;
					};
					A461664428E2F5CA00F59461 = {
						CreatedOnToolsVersion = 13.4.1;
						TestTargetID = A461663428E2F5C800F59461;
					};
					A461664E28E2F5CA00F59461 = {
						CreatedOnToolsVersion = 13.4.1;
						TestTargetID = A461663428E2F5C800F59461;
					};
				};
			};
			buildConfigurationList = A461663028E2F5C800F59461 /* Build configuration list for PBXProject "LiSIGN" */;
			compatibilityVersion = "Xcode 13.0";
			developmentRegion = en;
			hasScannedForEncodings = 0;
			knownRegions = (
				en,
				Base,
			);
			mainGroup = A461662C28E2F5C800F59461;
			packageReferences = (
				2F5F5EAA28F0309F00C56C6D /* XCRemoteSwiftPackageReference "firebase-ios-sdk" */,
				2FA57FDB29151E3D00D8D4AF /* XCRemoteSwiftPackageReference "FocusEntity" */,
			);
			productRefGroup = A461663628E2F5C800F59461 /* Products */;
			projectDirPath = "";
			projectRoot = "";
			targets = (
				A461663428E2F5C800F59461 /* LiSIGN */,
				A461664428E2F5CA00F59461 /* LiSIGNTests */,
				A461664E28E2F5CA00F59461 /* LiSIGNUITests */,
			);
		};
/* End PBXProject section */

/* Begin PBXResourcesBuildPhase section */
		A461663328E2F5C800F59461 /* Resources */ = {
			isa = PBXResourcesBuildPhase;
			buildActionMask = 2147483647;
			files = (
				A4F171A628E306D4006BE5B1 /* Fonts in Resources */,
				A4F171AE28E30710006BE5B1 /* bad3.png in Resources */,
				A461664028E2F5CA00F59461 /* Preview Assets.xcassets in Resources */,
				2FB8A666291E77120044D2A5 /* ScanRoomView.storyboard in Resources */,
				A461663D28E2F5CA00F59461 /* Assets.xcassets in Resources */,
			);
			runOnlyForDeploymentPostprocessing = 0;
		};
		A461664328E2F5CA00F59461 /* Resources */ = {
			isa = PBXResourcesBuildPhase;
			buildActionMask = 2147483647;
			files = (
			);
			runOnlyForDeploymentPostprocessing = 0;
		};
		A461664D28E2F5CA00F59461 /* Resources */ = {
			isa = PBXResourcesBuildPhase;
			buildActionMask = 2147483647;
			files = (
			);
			runOnlyForDeploymentPostprocessing = 0;
		};
/* End PBXResourcesBuildPhase section */

/* Begin PBXSourcesBuildPhase section */
		A461663128E2F5C800F59461 /* Sources */ = {
			isa = PBXSourcesBuildPhase;
			buildActionMask = 2147483647;
			files = (
				A461663B28E2F5C800F59461 /* ContentView.swift in Sources */,
				A4F171AC28E306FF006BE5B1 /* OnBoardingPage.swift in Sources */,
				2FA57FE1291533A800D8D4AF /* ViewController_CoachingOverlay.swift in Sources */,
				2F76CBEB28ED94C500ED7F9C /* MarketPlaceView.swift in Sources */,
				2F76CBF428EDD8DB00ED7F9C /* TabBarItemsPreferenceKey.swift in Sources */,
				2F5F5EE328F1BCB500C56C6D /* TabBarItem.swift in Sources */,
				A4F171A828E306EE006BE5B1 /* CustomCorners.swift in Sources */,
				2F9B008029200D5B00208E67 /* RoomModel.swift in Sources */,
				2F6257C829094085002E9832 /* RoomScanViewModel.swift in Sources */,
				A461663928E2F5C800F59461 /* LiSIGNApp.swift in Sources */,
				A4F171AA28E306F6006BE5B1 /* LoginPage.swift in Sources */,
				2F37678628FB23DE000050FE /* ProductCard.swift in Sources */,
				2F76CBE928ED94B400ED7F9C /* RoomsView.swift in Sources */,
				2F76CBF228EDBA2300ED7F9C /* CustomTabBarContainerView.swift in Sources */,
				2F76CBE728ED925600ED7F9C /* HomePage.swift in Sources */,
				A4F171A328E306A0006BE5B1 /* LoginPageModel.swift in Sources */,
				2F76CBEE28EDA5D600ED7F9C /* AppTabBarView.swift in Sources */,
				2FB8A661291E68130044D2A5 /* Extensions.swift in Sources */,
				2F76CBF028EDB18700ED7F9C /* CustomTabBarView.swift in Sources */,
				2F6257AF290147FE002E9832 /* SearchBar.swift in Sources */,
				2F6257AD2901469E002E9832 /* AddButton.swift in Sources */,
				2FB8A664291E68EA0044D2A5 /* RoundedButton.swift in Sources */,
			);
			runOnlyForDeploymentPostprocessing = 0;
		};
		A461664128E2F5CA00F59461 /* Sources */ = {
			isa = PBXSourcesBuildPhase;
			buildActionMask = 2147483647;
			files = (
				A461664A28E2F5CA00F59461 /* LiSIGNTests.swift in Sources */,
			);
			runOnlyForDeploymentPostprocessing = 0;
		};
		A461664B28E2F5CA00F59461 /* Sources */ = {
			isa = PBXSourcesBuildPhase;
			buildActionMask = 2147483647;
			files = (
				A461665628E2F5CA00F59461 /* LiSIGNUITestsLaunchTests.swift in Sources */,
				A461665428E2F5CA00F59461 /* LiSIGNUITests.swift in Sources */,
			);
			runOnlyForDeploymentPostprocessing = 0;
		};
/* End PBXSourcesBuildPhase section */

/* Begin PBXTargetDependency section */
		A461664728E2F5CA00F59461 /* PBXTargetDependency */ = {
			isa = PBXTargetDependency;
			target = A461663428E2F5C800F59461 /* LiSIGN */;
			targetProxy = A461664628E2F5CA00F59461 /* PBXContainerItemProxy */;
		};
		A461665128E2F5CA00F59461 /* PBXTargetDependency */ = {
			isa = PBXTargetDependency;
			target = A461663428E2F5C800F59461 /* LiSIGN */;
			targetProxy = A461665028E2F5CA00F59461 /* PBXContainerItemProxy */;
		};
/* End PBXTargetDependency section */

/* Begin XCBuildConfiguration section */
		A461665728E2F5CA00F59461 /* Debug */ = {
			isa = XCBuildConfiguration;
			buildSettings = {
				ALWAYS_SEARCH_USER_PATHS = NO;
				CLANG_ANALYZER_NONNULL = YES;
				CLANG_ANALYZER_NUMBER_OBJECT_CONVERSION = YES_AGGRESSIVE;
				CLANG_CXX_LANGUAGE_STANDARD = "gnu++17";
				CLANG_ENABLE_MODULES = YES;
				CLANG_ENABLE_OBJC_ARC = YES;
				CLANG_ENABLE_OBJC_WEAK = YES;
				CLANG_WARN_BLOCK_CAPTURE_AUTORELEASING = YES;
				CLANG_WARN_BOOL_CONVERSION = YES;
				CLANG_WARN_COMMA = YES;
				CLANG_WARN_CONSTANT_CONVERSION = YES;
				CLANG_WARN_DEPRECATED_OBJC_IMPLEMENTATIONS = YES;
				CLANG_WARN_DIRECT_OBJC_ISA_USAGE = YES_ERROR;
				CLANG_WARN_DOCUMENTATION_COMMENTS = YES;
				CLANG_WARN_EMPTY_BODY = YES;
				CLANG_WARN_ENUM_CONVERSION = YES;
				CLANG_WARN_INFINITE_RECURSION = YES;
				CLANG_WARN_INT_CONVERSION = YES;
				CLANG_WARN_NON_LITERAL_NULL_CONVERSION = YES;
				CLANG_WARN_OBJC_IMPLICIT_RETAIN_SELF = YES;
				CLANG_WARN_OBJC_LITERAL_CONVERSION = YES;
				CLANG_WARN_OBJC_ROOT_CLASS = YES_ERROR;
				CLANG_WARN_QUOTED_INCLUDE_IN_FRAMEWORK_HEADER = YES;
				CLANG_WARN_RANGE_LOOP_ANALYSIS = YES;
				CLANG_WARN_STRICT_PROTOTYPES = YES;
				CLANG_WARN_SUSPICIOUS_MOVE = YES;
				CLANG_WARN_UNGUARDED_AVAILABILITY = YES_AGGRESSIVE;
				CLANG_WARN_UNREACHABLE_CODE = YES;
				CLANG_WARN__DUPLICATE_METHOD_MATCH = YES;
				COPY_PHASE_STRIP = NO;
				DEBUG_INFORMATION_FORMAT = dwarf;
				ENABLE_STRICT_OBJC_MSGSEND = YES;
				ENABLE_TESTABILITY = YES;
				GCC_C_LANGUAGE_STANDARD = gnu11;
				GCC_DYNAMIC_NO_PIC = NO;
				GCC_NO_COMMON_BLOCKS = YES;
				GCC_OPTIMIZATION_LEVEL = 0;
				GCC_PREPROCESSOR_DEFINITIONS = (
					"DEBUG=1",
					"$(inherited)",
				);
				GCC_WARN_64_TO_32_BIT_CONVERSION = YES;
				GCC_WARN_ABOUT_RETURN_TYPE = YES_ERROR;
				GCC_WARN_UNDECLARED_SELECTOR = YES;
				GCC_WARN_UNINITIALIZED_AUTOS = YES_AGGRESSIVE;
				GCC_WARN_UNUSED_FUNCTION = YES;
				GCC_WARN_UNUSED_VARIABLE = YES;
				IPHONEOS_DEPLOYMENT_TARGET = 15.5;
				MTL_ENABLE_DEBUG_INFO = INCLUDE_SOURCE;
				MTL_FAST_MATH = YES;
				ONLY_ACTIVE_ARCH = YES;
				SDKROOT = iphoneos;
				SWIFT_ACTIVE_COMPILATION_CONDITIONS = DEBUG;
				SWIFT_OPTIMIZATION_LEVEL = "-Onone";
			};
			name = Debug;
		};
		A461665828E2F5CA00F59461 /* Release */ = {
			isa = XCBuildConfiguration;
			buildSettings = {
				ALWAYS_SEARCH_USER_PATHS = NO;
				CLANG_ANALYZER_NONNULL = YES;
				CLANG_ANALYZER_NUMBER_OBJECT_CONVERSION = YES_AGGRESSIVE;
				CLANG_CXX_LANGUAGE_STANDARD = "gnu++17";
				CLANG_ENABLE_MODULES = YES;
				CLANG_ENABLE_OBJC_ARC = YES;
				CLANG_ENABLE_OBJC_WEAK = YES;
				CLANG_WARN_BLOCK_CAPTURE_AUTORELEASING = YES;
				CLANG_WARN_BOOL_CONVERSION = YES;
				CLANG_WARN_COMMA = YES;
				CLANG_WARN_CONSTANT_CONVERSION = YES;
				CLANG_WARN_DEPRECATED_OBJC_IMPLEMENTATIONS = YES;
				CLANG_WARN_DIRECT_OBJC_ISA_USAGE = YES_ERROR;
				CLANG_WARN_DOCUMENTATION_COMMENTS = YES;
				CLANG_WARN_EMPTY_BODY = YES;
				CLANG_WARN_ENUM_CONVERSION = YES;
				CLANG_WARN_INFINITE_RECURSION = YES;
				CLANG_WARN_INT_CONVERSION = YES;
				CLANG_WARN_NON_LITERAL_NULL_CONVERSION = YES;
				CLANG_WARN_OBJC_IMPLICIT_RETAIN_SELF = YES;
				CLANG_WARN_OBJC_LITERAL_CONVERSION = YES;
				CLANG_WARN_OBJC_ROOT_CLASS = YES_ERROR;
				CLANG_WARN_QUOTED_INCLUDE_IN_FRAMEWORK_HEADER = YES;
				CLANG_WARN_RANGE_LOOP_ANALYSIS = YES;
				CLANG_WARN_STRICT_PROTOTYPES = YES;
				CLANG_WARN_SUSPICIOUS_MOVE = YES;
				CLANG_WARN_UNGUARDED_AVAILABILITY = YES_AGGRESSIVE;
				CLANG_WARN_UNREACHABLE_CODE = YES;
				CLANG_WARN__DUPLICATE_METHOD_MATCH = YES;
				COPY_PHASE_STRIP = NO;
				DEBUG_INFORMATION_FORMAT = "dwarf-with-dsym";
				ENABLE_NS_ASSERTIONS = NO;
				ENABLE_STRICT_OBJC_MSGSEND = YES;
				GCC_C_LANGUAGE_STANDARD = gnu11;
				GCC_NO_COMMON_BLOCKS = YES;
				GCC_WARN_64_TO_32_BIT_CONVERSION = YES;
				GCC_WARN_ABOUT_RETURN_TYPE = YES_ERROR;
				GCC_WARN_UNDECLARED_SELECTOR = YES;
				GCC_WARN_UNINITIALIZED_AUTOS = YES_AGGRESSIVE;
				GCC_WARN_UNUSED_FUNCTION = YES;
				GCC_WARN_UNUSED_VARIABLE = YES;
				IPHONEOS_DEPLOYMENT_TARGET = 15.5;
				MTL_ENABLE_DEBUG_INFO = NO;
				MTL_FAST_MATH = YES;
				SDKROOT = iphoneos;
				SWIFT_COMPILATION_MODE = wholemodule;
				SWIFT_OPTIMIZATION_LEVEL = "-O";
				VALIDATE_PRODUCT = YES;
			};
			name = Release;
		};
		A461665A28E2F5CA00F59461 /* Debug */ = {
			isa = XCBuildConfiguration;
			buildSettings = {
				ASSETCATALOG_COMPILER_APPICON_NAME = AppIcon;
				ASSETCATALOG_COMPILER_GLOBAL_ACCENT_COLOR_NAME = AccentColor;
				CODE_SIGN_STYLE = Automatic;
				CURRENT_PROJECT_VERSION = 1;
				DEVELOPMENT_ASSET_PATHS = "\"LiSIGN/Preview Content\"";
				DEVELOPMENT_TEAM = DR7VNX8CP9;
				ENABLE_PREVIEWS = YES;
				GENERATE_INFOPLIST_FILE = YES;
				INFOPLIST_KEY_NSCameraUsageDescription = "Needed to show AR View";
				INFOPLIST_KEY_UIApplicationSceneManifest_Generation = YES;
				INFOPLIST_KEY_UIApplicationSupportsIndirectInputEvents = YES;
				INFOPLIST_KEY_UILaunchScreen_Generation = YES;
				INFOPLIST_KEY_UISupportedInterfaceOrientations_iPad = "UIInterfaceOrientationPortrait UIInterfaceOrientationPortraitUpsideDown UIInterfaceOrientationLandscapeLeft UIInterfaceOrientationLandscapeRight";
				INFOPLIST_KEY_UISupportedInterfaceOrientations_iPhone = "UIInterfaceOrientationPortrait UIInterfaceOrientationLandscapeLeft UIInterfaceOrientationLandscapeRight";
				LD_RUNPATH_SEARCH_PATHS = (
					"$(inherited)",
					"@executable_path/Frameworks",
				);
				MARKETING_VERSION = 1.0;
				PRODUCT_BUNDLE_IDENTIFIER = LiSIGN1;
				PRODUCT_NAME = "$(TARGET_NAME)";
				SWIFT_EMIT_LOC_STRINGS = YES;
				SWIFT_VERSION = 5.0;
				TARGETED_DEVICE_FAMILY = "1,2";
			};
			name = Debug;
		};
		A461665B28E2F5CA00F59461 /* Release */ = {
			isa = XCBuildConfiguration;
			buildSettings = {
				ASSETCATALOG_COMPILER_APPICON_NAME = AppIcon;
				ASSETCATALOG_COMPILER_GLOBAL_ACCENT_COLOR_NAME = AccentColor;
				CODE_SIGN_STYLE = Automatic;
				CURRENT_PROJECT_VERSION = 1;
				DEVELOPMENT_ASSET_PATHS = "\"LiSIGN/Preview Content\"";
				DEVELOPMENT_TEAM = DR7VNX8CP9;
				ENABLE_PREVIEWS = YES;
				GENERATE_INFOPLIST_FILE = YES;
				INFOPLIST_KEY_NSCameraUsageDescription = "Needed to show AR View";
				INFOPLIST_KEY_UIApplicationSceneManifest_Generation = YES;
				INFOPLIST_KEY_UIApplicationSupportsIndirectInputEvents = YES;
				INFOPLIST_KEY_UILaunchScreen_Generation = YES;
				INFOPLIST_KEY_UISupportedInterfaceOrientations_iPad = "UIInterfaceOrientationPortrait UIInterfaceOrientationPortraitUpsideDown UIInterfaceOrientationLandscapeLeft UIInterfaceOrientationLandscapeRight";
				INFOPLIST_KEY_UISupportedInterfaceOrientations_iPhone = "UIInterfaceOrientationPortrait UIInterfaceOrientationLandscapeLeft UIInterfaceOrientationLandscapeRight";
				LD_RUNPATH_SEARCH_PATHS = (
					"$(inherited)",
					"@executable_path/Frameworks",
				);
				MARKETING_VERSION = 1.0;
				PRODUCT_BUNDLE_IDENTIFIER = LiSIGN1;
				PRODUCT_NAME = "$(TARGET_NAME)";
				SWIFT_EMIT_LOC_STRINGS = YES;
				SWIFT_VERSION = 5.0;
				TARGETED_DEVICE_FAMILY = "1,2";
			};
			name = Release;
		};
		A461665D28E2F5CA00F59461 /* Debug */ = {
			isa = XCBuildConfiguration;
			buildSettings = {
				ALWAYS_EMBED_SWIFT_STANDARD_LIBRARIES = YES;
				BUNDLE_LOADER = "$(TEST_HOST)";
				CODE_SIGN_STYLE = Automatic;
				CURRENT_PROJECT_VERSION = 1;
				GENERATE_INFOPLIST_FILE = YES;
				IPHONEOS_DEPLOYMENT_TARGET = 15.5;
				MARKETING_VERSION = 1.0;
				PRODUCT_BUNDLE_IDENTIFIER = via.LiSIGNTests;
				PRODUCT_NAME = "$(TARGET_NAME)";
				SWIFT_EMIT_LOC_STRINGS = NO;
				SWIFT_VERSION = 5.0;
				TARGETED_DEVICE_FAMILY = "1,2";
				TEST_HOST = "$(BUILT_PRODUCTS_DIR)/LiSIGN.app/LiSIGN";
			};
			name = Debug;
		};
		A461665E28E2F5CA00F59461 /* Release */ = {
			isa = XCBuildConfiguration;
			buildSettings = {
				ALWAYS_EMBED_SWIFT_STANDARD_LIBRARIES = YES;
				BUNDLE_LOADER = "$(TEST_HOST)";
				CODE_SIGN_STYLE = Automatic;
				CURRENT_PROJECT_VERSION = 1;
				GENERATE_INFOPLIST_FILE = YES;
				IPHONEOS_DEPLOYMENT_TARGET = 15.5;
				MARKETING_VERSION = 1.0;
				PRODUCT_BUNDLE_IDENTIFIER = via.LiSIGNTests;
				PRODUCT_NAME = "$(TARGET_NAME)";
				SWIFT_EMIT_LOC_STRINGS = NO;
				SWIFT_VERSION = 5.0;
				TARGETED_DEVICE_FAMILY = "1,2";
				TEST_HOST = "$(BUILT_PRODUCTS_DIR)/LiSIGN.app/LiSIGN";
			};
			name = Release;
		};
		A461666028E2F5CA00F59461 /* Debug */ = {
			isa = XCBuildConfiguration;
			buildSettings = {
				ALWAYS_EMBED_SWIFT_STANDARD_LIBRARIES = YES;
				CODE_SIGN_STYLE = Automatic;
				CURRENT_PROJECT_VERSION = 1;
				GENERATE_INFOPLIST_FILE = YES;
				MARKETING_VERSION = 1.0;
				PRODUCT_BUNDLE_IDENTIFIER = via.LiSIGNUITests;
				PRODUCT_NAME = "$(TARGET_NAME)";
				SWIFT_EMIT_LOC_STRINGS = NO;
				SWIFT_VERSION = 5.0;
				TARGETED_DEVICE_FAMILY = "1,2";
				TEST_TARGET_NAME = LiSIGN;
			};
			name = Debug;
		};
		A461666128E2F5CA00F59461 /* Release */ = {
			isa = XCBuildConfiguration;
			buildSettings = {
				ALWAYS_EMBED_SWIFT_STANDARD_LIBRARIES = YES;
				CODE_SIGN_STYLE = Automatic;
				CURRENT_PROJECT_VERSION = 1;
				GENERATE_INFOPLIST_FILE = YES;
				MARKETING_VERSION = 1.0;
				PRODUCT_BUNDLE_IDENTIFIER = via.LiSIGNUITests;
				PRODUCT_NAME = "$(TARGET_NAME)";
				SWIFT_EMIT_LOC_STRINGS = NO;
				SWIFT_VERSION = 5.0;
				TARGETED_DEVICE_FAMILY = "1,2";
				TEST_TARGET_NAME = LiSIGN;
			};
			name = Release;
		};
/* End XCBuildConfiguration section */

/* Begin XCConfigurationList section */
		A461663028E2F5C800F59461 /* Build configuration list for PBXProject "LiSIGN" */ = {
			isa = XCConfigurationList;
			buildConfigurations = (
				A461665728E2F5CA00F59461 /* Debug */,
				A461665828E2F5CA00F59461 /* Release */,
			);
			defaultConfigurationIsVisible = 0;
			defaultConfigurationName = Release;
		};
		A461665928E2F5CA00F59461 /* Build configuration list for PBXNativeTarget "LiSIGN" */ = {
			isa = XCConfigurationList;
			buildConfigurations = (
				A461665A28E2F5CA00F59461 /* Debug */,
				A461665B28E2F5CA00F59461 /* Release */,
			);
			defaultConfigurationIsVisible = 0;
			defaultConfigurationName = Release;
		};
		A461665C28E2F5CA00F59461 /* Build configuration list for PBXNativeTarget "LiSIGNTests" */ = {
			isa = XCConfigurationList;
			buildConfigurations = (
				A461665D28E2F5CA00F59461 /* Debug */,
				A461665E28E2F5CA00F59461 /* Release */,
			);
			defaultConfigurationIsVisible = 0;
			defaultConfigurationName = Release;
		};
		A461665F28E2F5CA00F59461 /* Build configuration list for PBXNativeTarget "LiSIGNUITests" */ = {
			isa = XCConfigurationList;
			buildConfigurations = (
				A461666028E2F5CA00F59461 /* Debug */,
				A461666128E2F5CA00F59461 /* Release */,
			);
			defaultConfigurationIsVisible = 0;
			defaultConfigurationName = Release;
		};
/* End XCConfigurationList section */

/* Begin XCRemoteSwiftPackageReference section */
		2F5F5EAA28F0309F00C56C6D /* XCRemoteSwiftPackageReference "firebase-ios-sdk" */ = {
			isa = XCRemoteSwiftPackageReference;
			repositoryURL = "https://github.com/firebase/firebase-ios-sdk";
			requirement = {
				kind = upToNextMajorVersion;
				minimumVersion = 9.0.0;
			};
		};
		2FA57FDB29151E3D00D8D4AF /* XCRemoteSwiftPackageReference "FocusEntity" */ = {
			isa = XCRemoteSwiftPackageReference;
			repositoryURL = "https://github.com/maxxfrazer/FocusEntity";
			requirement = {
				kind = upToNextMajorVersion;
				minimumVersion = 2.0.0;
			};
		};
/* End XCRemoteSwiftPackageReference section */

/* Begin XCSwiftPackageProductDependency section */
		2F5F5EAB28F0309F00C56C6D /* FirebaseAnalytics */ = {
			isa = XCSwiftPackageProductDependency;
			package = 2F5F5EAA28F0309F00C56C6D /* XCRemoteSwiftPackageReference "firebase-ios-sdk" */;
			productName = FirebaseAnalytics;
		};
		2F5F5EAD28F0309F00C56C6D /* FirebaseAnalyticsOnDeviceConversion */ = {
			isa = XCSwiftPackageProductDependency;
			package = 2F5F5EAA28F0309F00C56C6D /* XCRemoteSwiftPackageReference "firebase-ios-sdk" */;
			productName = FirebaseAnalyticsOnDeviceConversion;
		};
		2F5F5EAF28F0309F00C56C6D /* FirebaseAnalyticsSwift */ = {
			isa = XCSwiftPackageProductDependency;
			package = 2F5F5EAA28F0309F00C56C6D /* XCRemoteSwiftPackageReference "firebase-ios-sdk" */;
			productName = FirebaseAnalyticsSwift;
		};
		2F5F5EB128F0309F00C56C6D /* FirebaseAnalyticsWithoutAdIdSupport */ = {
			isa = XCSwiftPackageProductDependency;
			package = 2F5F5EAA28F0309F00C56C6D /* XCRemoteSwiftPackageReference "firebase-ios-sdk" */;
			productName = FirebaseAnalyticsWithoutAdIdSupport;
		};
		2F5F5EB328F0309F00C56C6D /* FirebaseAppCheck */ = {
			isa = XCSwiftPackageProductDependency;
			package = 2F5F5EAA28F0309F00C56C6D /* XCRemoteSwiftPackageReference "firebase-ios-sdk" */;
			productName = FirebaseAppCheck;
		};
		2F5F5EB528F0309F00C56C6D /* FirebaseAppDistribution-Beta */ = {
			isa = XCSwiftPackageProductDependency;
			package = 2F5F5EAA28F0309F00C56C6D /* XCRemoteSwiftPackageReference "firebase-ios-sdk" */;
			productName = "FirebaseAppDistribution-Beta";
		};
		2F5F5EB728F0309F00C56C6D /* FirebaseAuth */ = {
			isa = XCSwiftPackageProductDependency;
			package = 2F5F5EAA28F0309F00C56C6D /* XCRemoteSwiftPackageReference "firebase-ios-sdk" */;
			productName = FirebaseAuth;
		};
		2F5F5EB928F0309F00C56C6D /* FirebaseAuthCombine-Community */ = {
			isa = XCSwiftPackageProductDependency;
			package = 2F5F5EAA28F0309F00C56C6D /* XCRemoteSwiftPackageReference "firebase-ios-sdk" */;
			productName = "FirebaseAuthCombine-Community";
		};
		2F5F5EBB28F0309F00C56C6D /* FirebaseCrashlytics */ = {
			isa = XCSwiftPackageProductDependency;
			package = 2F5F5EAA28F0309F00C56C6D /* XCRemoteSwiftPackageReference "firebase-ios-sdk" */;
			productName = FirebaseCrashlytics;
		};
		2F5F5EBD28F0309F00C56C6D /* FirebaseDatabase */ = {
			isa = XCSwiftPackageProductDependency;
			package = 2F5F5EAA28F0309F00C56C6D /* XCRemoteSwiftPackageReference "firebase-ios-sdk" */;
			productName = FirebaseDatabase;
		};
		2F5F5EBF28F0309F00C56C6D /* FirebaseDatabaseSwift */ = {
			isa = XCSwiftPackageProductDependency;
			package = 2F5F5EAA28F0309F00C56C6D /* XCRemoteSwiftPackageReference "firebase-ios-sdk" */;
			productName = FirebaseDatabaseSwift;
		};
		2F5F5EC128F0309F00C56C6D /* FirebaseDynamicLinks */ = {
			isa = XCSwiftPackageProductDependency;
			package = 2F5F5EAA28F0309F00C56C6D /* XCRemoteSwiftPackageReference "firebase-ios-sdk" */;
			productName = FirebaseDynamicLinks;
		};
		2F5F5EC328F0309F00C56C6D /* FirebaseFirestore */ = {
			isa = XCSwiftPackageProductDependency;
			package = 2F5F5EAA28F0309F00C56C6D /* XCRemoteSwiftPackageReference "firebase-ios-sdk" */;
			productName = FirebaseFirestore;
		};
		2F5F5EC528F0309F00C56C6D /* FirebaseFirestoreCombine-Community */ = {
			isa = XCSwiftPackageProductDependency;
			package = 2F5F5EAA28F0309F00C56C6D /* XCRemoteSwiftPackageReference "firebase-ios-sdk" */;
			productName = "FirebaseFirestoreCombine-Community";
		};
		2F5F5EC728F0309F00C56C6D /* FirebaseFirestoreSwift */ = {
			isa = XCSwiftPackageProductDependency;
			package = 2F5F5EAA28F0309F00C56C6D /* XCRemoteSwiftPackageReference "firebase-ios-sdk" */;
			productName = FirebaseFirestoreSwift;
		};
		2F5F5EC928F0309F00C56C6D /* FirebaseFunctions */ = {
			isa = XCSwiftPackageProductDependency;
			package = 2F5F5EAA28F0309F00C56C6D /* XCRemoteSwiftPackageReference "firebase-ios-sdk" */;
			productName = FirebaseFunctions;
		};
		2F5F5ECB28F0309F00C56C6D /* FirebaseFunctionsCombine-Community */ = {
			isa = XCSwiftPackageProductDependency;
			package = 2F5F5EAA28F0309F00C56C6D /* XCRemoteSwiftPackageReference "firebase-ios-sdk" */;
			productName = "FirebaseFunctionsCombine-Community";
		};
		2F5F5ECD28F0309F00C56C6D /* FirebaseInAppMessaging-Beta */ = {
			isa = XCSwiftPackageProductDependency;
			package = 2F5F5EAA28F0309F00C56C6D /* XCRemoteSwiftPackageReference "firebase-ios-sdk" */;
			productName = "FirebaseInAppMessaging-Beta";
		};
		2F5F5ECF28F0309F00C56C6D /* FirebaseInAppMessagingSwift-Beta */ = {
			isa = XCSwiftPackageProductDependency;
			package = 2F5F5EAA28F0309F00C56C6D /* XCRemoteSwiftPackageReference "firebase-ios-sdk" */;
			productName = "FirebaseInAppMessagingSwift-Beta";
		};
		2F5F5ED128F0309F00C56C6D /* FirebaseInstallations */ = {
			isa = XCSwiftPackageProductDependency;
			package = 2F5F5EAA28F0309F00C56C6D /* XCRemoteSwiftPackageReference "firebase-ios-sdk" */;
			productName = FirebaseInstallations;
		};
		2F5F5ED328F0309F00C56C6D /* FirebaseMLModelDownloader */ = {
			isa = XCSwiftPackageProductDependency;
			package = 2F5F5EAA28F0309F00C56C6D /* XCRemoteSwiftPackageReference "firebase-ios-sdk" */;
			productName = FirebaseMLModelDownloader;
		};
		2F5F5ED528F0309F00C56C6D /* FirebaseMessaging */ = {
			isa = XCSwiftPackageProductDependency;
			package = 2F5F5EAA28F0309F00C56C6D /* XCRemoteSwiftPackageReference "firebase-ios-sdk" */;
			productName = FirebaseMessaging;
		};
		2F5F5ED728F0309F00C56C6D /* FirebasePerformance */ = {
			isa = XCSwiftPackageProductDependency;
			package = 2F5F5EAA28F0309F00C56C6D /* XCRemoteSwiftPackageReference "firebase-ios-sdk" */;
			productName = FirebasePerformance;
		};
		2F5F5ED928F0309F00C56C6D /* FirebaseRemoteConfig */ = {
			isa = XCSwiftPackageProductDependency;
			package = 2F5F5EAA28F0309F00C56C6D /* XCRemoteSwiftPackageReference "firebase-ios-sdk" */;
			productName = FirebaseRemoteConfig;
		};
		2F5F5EDB28F0309F00C56C6D /* FirebaseRemoteConfigSwift */ = {
			isa = XCSwiftPackageProductDependency;
			package = 2F5F5EAA28F0309F00C56C6D /* XCRemoteSwiftPackageReference "firebase-ios-sdk" */;
			productName = FirebaseRemoteConfigSwift;
		};
		2F5F5EDD28F0309F00C56C6D /* FirebaseStorage */ = {
			isa = XCSwiftPackageProductDependency;
			package = 2F5F5EAA28F0309F00C56C6D /* XCRemoteSwiftPackageReference "firebase-ios-sdk" */;
			productName = FirebaseStorage;
		};
		2F5F5EDF28F0309F00C56C6D /* FirebaseStorageCombine-Community */ = {
			isa = XCSwiftPackageProductDependency;
			package = 2F5F5EAA28F0309F00C56C6D /* XCRemoteSwiftPackageReference "firebase-ios-sdk" */;
			productName = "FirebaseStorageCombine-Community";
		};
		2FA57FDC29151E3D00D8D4AF /* FocusEntity */ = {
			isa = XCSwiftPackageProductDependency;
			package = 2FA57FDB29151E3D00D8D4AF /* XCRemoteSwiftPackageReference "FocusEntity" */;
			productName = FocusEntity;
		};
/* End XCSwiftPackageProductDependency section */
	};
	rootObject = A461662D28E2F5C800F59461 /* Project object */;
}
